// !$*UTF8*$!
{
	archiveVersion = 1;
	classes = {
	};
	objectVersion = 45;
	objects = {

/* Begin PBXBuildFile section */
		1D3623260D0F684500981E51 /* TarneebAppDelegate.m in Sources */ = {isa = PBXBuildFile; fileRef = 1D3623250D0F684500981E51 /* TarneebAppDelegate.m */; };
		1D60589B0D05DD56006BFB54 /* main.m in Sources */ = {isa = PBXBuildFile; fileRef = 29B97316FDCFA39411CA2CEA /* main.m */; };
		1D60589F0D05DD5A006BFB54 /* Foundation.framework in Frameworks */ = {isa = PBXBuildFile; fileRef = 1D30AB110D05D00D00671497 /* Foundation.framework */; };
		1DF5F4E00D08C38300B7A737 /* UIKit.framework in Frameworks */ = {isa = PBXBuildFile; fileRef = 1DF5F4DF0D08C38300B7A737 /* UIKit.framework */; };
		288765FD0DF74451002DB57D /* CoreGraphics.framework in Frameworks */ = {isa = PBXBuildFile; fileRef = 288765FC0DF74451002DB57D /* CoreGraphics.framework */; };
		28AD733F0D9D9553002E5188 /* MainWindow.xib in Resources */ = {isa = PBXBuildFile; fileRef = 28AD733E0D9D9553002E5188 /* MainWindow.xib */; };
		7C03001812160A7F00D258BD /* 11-heart.png in Resources */ = {isa = PBXBuildFile; fileRef = 7C03000C12160A7F00D258BD /* 11-heart.png */; };
		7C03001912160A7F00D258BD /* 11-karo.png in Resources */ = {isa = PBXBuildFile; fileRef = 7C03000D12160A7F00D258BD /* 11-karo.png */; };
		7C03001A12160A7F00D258BD /* 11-spade.png in Resources */ = {isa = PBXBuildFile; fileRef = 7C03000E12160A7F00D258BD /* 11-spade.png */; };
		7C03001B12160A7F00D258BD /* 11-trefl.png in Resources */ = {isa = PBXBuildFile; fileRef = 7C03000F12160A7F00D258BD /* 11-trefl.png */; };
		7C03001C12160A7F00D258BD /* 12-heart.png in Resources */ = {isa = PBXBuildFile; fileRef = 7C03001012160A7F00D258BD /* 12-heart.png */; };
		7C03001D12160A7F00D258BD /* 12-karo.png in Resources */ = {isa = PBXBuildFile; fileRef = 7C03001112160A7F00D258BD /* 12-karo.png */; };
		7C03001E12160A7F00D258BD /* 12-spade.png in Resources */ = {isa = PBXBuildFile; fileRef = 7C03001212160A7F00D258BD /* 12-spade.png */; };
		7C03001F12160A7F00D258BD /* 12-trefl.png in Resources */ = {isa = PBXBuildFile; fileRef = 7C03001312160A7F00D258BD /* 12-trefl.png */; };
		7C03002012160A7F00D258BD /* 13-heart.png in Resources */ = {isa = PBXBuildFile; fileRef = 7C03001412160A7F00D258BD /* 13-heart.png */; };
		7C03002112160A7F00D258BD /* 13-karo.png in Resources */ = {isa = PBXBuildFile; fileRef = 7C03001512160A7F00D258BD /* 13-karo.png */; };
		7C03002212160A7F00D258BD /* 13-spade.png in Resources */ = {isa = PBXBuildFile; fileRef = 7C03001612160A7F00D258BD /* 13-spade.png */; };
		7C03002312160A7F00D258BD /* 13-trefl.png in Resources */ = {isa = PBXBuildFile; fileRef = 7C03001712160A7F00D258BD /* 13-trefl.png */; };
		7C03FE6712143DE800D258BD /* Game.m in Sources */ = {isa = PBXBuildFile; fileRef = 7C03FE6612143DE800D258BD /* Game.m */; };
		7C03FF9A121602F500D258BD /* 1-heart.png in Resources */ = {isa = PBXBuildFile; fileRef = 7C03FF66121602F500D258BD /* 1-heart.png */; };
		7C03FF9B121602F500D258BD /* 1-karo.png in Resources */ = {isa = PBXBuildFile; fileRef = 7C03FF67121602F500D258BD /* 1-karo.png */; };
		7C03FF9C121602F500D258BD /* 1-spade.png in Resources */ = {isa = PBXBuildFile; fileRef = 7C03FF68121602F500D258BD /* 1-spade.png */; };
		7C03FF9D121602F500D258BD /* 1-trefl.png in Resources */ = {isa = PBXBuildFile; fileRef = 7C03FF69121602F500D258BD /* 1-trefl.png */; };
		7C03FF9E121602F500D258BD /* 2-heart.png in Resources */ = {isa = PBXBuildFile; fileRef = 7C03FF6A121602F500D258BD /* 2-heart.png */; };
		7C03FF9F121602F500D258BD /* 2-karo.png in Resources */ = {isa = PBXBuildFile; fileRef = 7C03FF6B121602F500D258BD /* 2-karo.png */; };
		7C03FFA0121602F500D258BD /* 2-spade.png in Resources */ = {isa = PBXBuildFile; fileRef = 7C03FF6C121602F500D258BD /* 2-spade.png */; };
		7C03FFA1121602F500D258BD /* 2-trefl.png in Resources */ = {isa = PBXBuildFile; fileRef = 7C03FF6D121602F500D258BD /* 2-trefl.png */; };
		7C03FFA2121602F500D258BD /* 3-heart.png in Resources */ = {isa = PBXBuildFile; fileRef = 7C03FF6E121602F500D258BD /* 3-heart.png */; };
		7C03FFA3121602F500D258BD /* 3-karo.png in Resources */ = {isa = PBXBuildFile; fileRef = 7C03FF6F121602F500D258BD /* 3-karo.png */; };
		7C03FFA4121602F500D258BD /* 3-spade.png in Resources */ = {isa = PBXBuildFile; fileRef = 7C03FF70121602F500D258BD /* 3-spade.png */; };
		7C03FFA5121602F500D258BD /* 3-trefl.png in Resources */ = {isa = PBXBuildFile; fileRef = 7C03FF71121602F500D258BD /* 3-trefl.png */; };
		7C03FFA6121602F500D258BD /* 4-heart.png in Resources */ = {isa = PBXBuildFile; fileRef = 7C03FF72121602F500D258BD /* 4-heart.png */; };
		7C03FFA7121602F500D258BD /* 4-karo.png in Resources */ = {isa = PBXBuildFile; fileRef = 7C03FF73121602F500D258BD /* 4-karo.png */; };
		7C03FFA8121602F500D258BD /* 4-spade.png in Resources */ = {isa = PBXBuildFile; fileRef = 7C03FF74121602F500D258BD /* 4-spade.png */; };
		7C03FFA9121602F500D258BD /* 4-trefl.png in Resources */ = {isa = PBXBuildFile; fileRef = 7C03FF75121602F500D258BD /* 4-trefl.png */; };
		7C03FFAA121602F500D258BD /* 5-heart.png in Resources */ = {isa = PBXBuildFile; fileRef = 7C03FF76121602F500D258BD /* 5-heart.png */; };
		7C03FFAB121602F500D258BD /* 5-karo.png in Resources */ = {isa = PBXBuildFile; fileRef = 7C03FF77121602F500D258BD /* 5-karo.png */; };
		7C03FFAC121602F500D258BD /* 5-spade.png in Resources */ = {isa = PBXBuildFile; fileRef = 7C03FF78121602F500D258BD /* 5-spade.png */; };
		7C03FFAD121602F500D258BD /* 5-trefl.png in Resources */ = {isa = PBXBuildFile; fileRef = 7C03FF79121602F500D258BD /* 5-trefl.png */; };
		7C03FFAE121602F500D258BD /* 6-heart.png in Resources */ = {isa = PBXBuildFile; fileRef = 7C03FF7A121602F500D258BD /* 6-heart.png */; };
		7C03FFAF121602F500D258BD /* 6-karo.png in Resources */ = {isa = PBXBuildFile; fileRef = 7C03FF7B121602F500D258BD /* 6-karo.png */; };
		7C03FFB0121602F500D258BD /* 6-spade.png in Resources */ = {isa = PBXBuildFile; fileRef = 7C03FF7C121602F500D258BD /* 6-spade.png */; };
		7C03FFB1121602F500D258BD /* 6-trefl.png in Resources */ = {isa = PBXBuildFile; fileRef = 7C03FF7D121602F500D258BD /* 6-trefl.png */; };
		7C03FFB2121602F500D258BD /* 7-heart.png in Resources */ = {isa = PBXBuildFile; fileRef = 7C03FF7E121602F500D258BD /* 7-heart.png */; };
		7C03FFB3121602F500D258BD /* 7-karo.png in Resources */ = {isa = PBXBuildFile; fileRef = 7C03FF7F121602F500D258BD /* 7-karo.png */; };
		7C03FFB4121602F500D258BD /* 7-spade.png in Resources */ = {isa = PBXBuildFile; fileRef = 7C03FF80121602F500D258BD /* 7-spade.png */; };
		7C03FFB5121602F500D258BD /* 7-trefl.png in Resources */ = {isa = PBXBuildFile; fileRef = 7C03FF81121602F500D258BD /* 7-trefl.png */; };
		7C03FFB6121602F500D258BD /* 8-heart.png in Resources */ = {isa = PBXBuildFile; fileRef = 7C03FF82121602F500D258BD /* 8-heart.png */; };
		7C03FFB7121602F500D258BD /* 8-karo.png in Resources */ = {isa = PBXBuildFile; fileRef = 7C03FF83121602F500D258BD /* 8-karo.png */; };
		7C03FFB8121602F500D258BD /* 8-spade.png in Resources */ = {isa = PBXBuildFile; fileRef = 7C03FF84121602F500D258BD /* 8-spade.png */; };
		7C03FFB9121602F500D258BD /* 8-trefl.png in Resources */ = {isa = PBXBuildFile; fileRef = 7C03FF85121602F500D258BD /* 8-trefl.png */; };
		7C03FFBA121602F500D258BD /* 9-heart.png in Resources */ = {isa = PBXBuildFile; fileRef = 7C03FF86121602F500D258BD /* 9-heart.png */; };
		7C03FFBB121602F500D258BD /* 9-karo.png in Resources */ = {isa = PBXBuildFile; fileRef = 7C03FF87121602F500D258BD /* 9-karo.png */; };
		7C03FFBC121602F500D258BD /* 9-spade.png in Resources */ = {isa = PBXBuildFile; fileRef = 7C03FF88121602F500D258BD /* 9-spade.png */; };
		7C03FFBD121602F500D258BD /* 9-trefl.png in Resources */ = {isa = PBXBuildFile; fileRef = 7C03FF89121602F500D258BD /* 9-trefl.png */; };
		7C03FFBE121602F500D258BD /* 10-heart.png in Resources */ = {isa = PBXBuildFile; fileRef = 7C03FF8A121602F500D258BD /* 10-heart.png */; };
		7C03FFBF121602F500D258BD /* 10-karo.png in Resources */ = {isa = PBXBuildFile; fileRef = 7C03FF8B121602F500D258BD /* 10-karo.png */; };
		7C03FFC0121602F500D258BD /* 10-spade.png in Resources */ = {isa = PBXBuildFile; fileRef = 7C03FF8C121602F500D258BD /* 10-spade.png */; };
		7C03FFC1121602F500D258BD /* 10-trefl.png in Resources */ = {isa = PBXBuildFile; fileRef = 7C03FF8D121602F500D258BD /* 10-trefl.png */; };
		7C5754BE121173C6007AEF4D /* Card.m in Sources */ = {isa = PBXBuildFile; fileRef = 7C5754BD121173C6007AEF4D /* Card.m */; };
		7C5754D51211B081007AEF4D /* Deck.m in Sources */ = {isa = PBXBuildFile; fileRef = 7C5754D41211B081007AEF4D /* Deck.m */; };
		7C5754DC121439EC007AEF4D /* DummyViewController.m in Sources */ = {isa = PBXBuildFile; fileRef = 7C5754DA121439EC007AEF4D /* DummyViewController.m */; };
		7C5754DD121439EC007AEF4D /* DummyViewController.xib in Resources */ = {isa = PBXBuildFile; fileRef = 7C5754DB121439EC007AEF4D /* DummyViewController.xib */; };
		7C8019AB1218443100BE995C /* 1-heart-high.png in Resources */ = {isa = PBXBuildFile; fileRef = 7C8019771218443100BE995C /* 1-heart-high.png */; };
		7C8019AC1218443100BE995C /* 1-karo-high.png in Resources */ = {isa = PBXBuildFile; fileRef = 7C8019781218443100BE995C /* 1-karo-high.png */; };
		7C8019AD1218443100BE995C /* 1-spade-high.png in Resources */ = {isa = PBXBuildFile; fileRef = 7C8019791218443100BE995C /* 1-spade-high.png */; };
		7C8019AE1218443100BE995C /* 1-trefl-high.png in Resources */ = {isa = PBXBuildFile; fileRef = 7C80197A1218443100BE995C /* 1-trefl-high.png */; };
		7C8019AF1218443100BE995C /* 2-heart-high.png in Resources */ = {isa = PBXBuildFile; fileRef = 7C80197B1218443100BE995C /* 2-heart-high.png */; };
		7C8019B01218443100BE995C /* 2-karo-high.png in Resources */ = {isa = PBXBuildFile; fileRef = 7C80197C1218443100BE995C /* 2-karo-high.png */; };
		7C8019B11218443100BE995C /* 2-spade-high.png in Resources */ = {isa = PBXBuildFile; fileRef = 7C80197D1218443100BE995C /* 2-spade-high.png */; };
		7C8019B21218443100BE995C /* 2-trefl-high.png in Resources */ = {isa = PBXBuildFile; fileRef = 7C80197E1218443100BE995C /* 2-trefl-high.png */; };
		7C8019B31218443100BE995C /* 3-heart-high.png in Resources */ = {isa = PBXBuildFile; fileRef = 7C80197F1218443100BE995C /* 3-heart-high.png */; };
		7C8019B41218443100BE995C /* 3-karo-high.png in Resources */ = {isa = PBXBuildFile; fileRef = 7C8019801218443100BE995C /* 3-karo-high.png */; };
		7C8019B51218443100BE995C /* 3-spade-high.png in Resources */ = {isa = PBXBuildFile; fileRef = 7C8019811218443100BE995C /* 3-spade-high.png */; };
		7C8019B61218443100BE995C /* 3-trefl-high.png in Resources */ = {isa = PBXBuildFile; fileRef = 7C8019821218443100BE995C /* 3-trefl-high.png */; };
		7C8019B71218443100BE995C /* 4-heart-high.png in Resources */ = {isa = PBXBuildFile; fileRef = 7C8019831218443100BE995C /* 4-heart-high.png */; };
		7C8019B81218443100BE995C /* 4-karo-high.png in Resources */ = {isa = PBXBuildFile; fileRef = 7C8019841218443100BE995C /* 4-karo-high.png */; };
		7C8019B91218443100BE995C /* 4-spade-high.png in Resources */ = {isa = PBXBuildFile; fileRef = 7C8019851218443100BE995C /* 4-spade-high.png */; };
		7C8019BA1218443100BE995C /* 4-trefl-high.png in Resources */ = {isa = PBXBuildFile; fileRef = 7C8019861218443100BE995C /* 4-trefl-high.png */; };
		7C8019BB1218443100BE995C /* 5-heart-high.png in Resources */ = {isa = PBXBuildFile; fileRef = 7C8019871218443100BE995C /* 5-heart-high.png */; };
		7C8019BC1218443100BE995C /* 5-karo-high.png in Resources */ = {isa = PBXBuildFile; fileRef = 7C8019881218443100BE995C /* 5-karo-high.png */; };
		7C8019BD1218443100BE995C /* 5-spade-high.png in Resources */ = {isa = PBXBuildFile; fileRef = 7C8019891218443100BE995C /* 5-spade-high.png */; };
		7C8019BE1218443100BE995C /* 5-trefl-high.png in Resources */ = {isa = PBXBuildFile; fileRef = 7C80198A1218443100BE995C /* 5-trefl-high.png */; };
		7C8019BF1218443100BE995C /* 6-heart-high.png in Resources */ = {isa = PBXBuildFile; fileRef = 7C80198B1218443100BE995C /* 6-heart-high.png */; };
		7C8019C01218443100BE995C /* 6-karo-high.png in Resources */ = {isa = PBXBuildFile; fileRef = 7C80198C1218443100BE995C /* 6-karo-high.png */; };
		7C8019C11218443100BE995C /* 6-spade-high.png in Resources */ = {isa = PBXBuildFile; fileRef = 7C80198D1218443100BE995C /* 6-spade-high.png */; };
		7C8019C21218443100BE995C /* 6-trefl-high.png in Resources */ = {isa = PBXBuildFile; fileRef = 7C80198E1218443100BE995C /* 6-trefl-high.png */; };
		7C8019C31218443100BE995C /* 7-heart-high.png in Resources */ = {isa = PBXBuildFile; fileRef = 7C80198F1218443100BE995C /* 7-heart-high.png */; };
		7C8019C41218443100BE995C /* 7-karo-high.png in Resources */ = {isa = PBXBuildFile; fileRef = 7C8019901218443100BE995C /* 7-karo-high.png */; };
		7C8019C51218443100BE995C /* 7-spade-high.png in Resources */ = {isa = PBXBuildFile; fileRef = 7C8019911218443100BE995C /* 7-spade-high.png */; };
		7C8019C61218443100BE995C /* 7-trefl-high.png in Resources */ = {isa = PBXBuildFile; fileRef = 7C8019921218443100BE995C /* 7-trefl-high.png */; };
		7C8019C71218443100BE995C /* 8-heart-high.png in Resources */ = {isa = PBXBuildFile; fileRef = 7C8019931218443100BE995C /* 8-heart-high.png */; };
		7C8019C81218443100BE995C /* 8-karo-high.png in Resources */ = {isa = PBXBuildFile; fileRef = 7C8019941218443100BE995C /* 8-karo-high.png */; };
		7C8019C91218443100BE995C /* 8-spade-high.png in Resources */ = {isa = PBXBuildFile; fileRef = 7C8019951218443100BE995C /* 8-spade-high.png */; };
		7C8019CA1218443100BE995C /* 8-trefl-high.png in Resources */ = {isa = PBXBuildFile; fileRef = 7C8019961218443100BE995C /* 8-trefl-high.png */; };
		7C8019CB1218443100BE995C /* 9-heart-high.png in Resources */ = {isa = PBXBuildFile; fileRef = 7C8019971218443100BE995C /* 9-heart-high.png */; };
		7C8019CC1218443100BE995C /* 9-karo-high.png in Resources */ = {isa = PBXBuildFile; fileRef = 7C8019981218443100BE995C /* 9-karo-high.png */; };
		7C8019CD1218443100BE995C /* 9-spade-high.png in Resources */ = {isa = PBXBuildFile; fileRef = 7C8019991218443100BE995C /* 9-spade-high.png */; };
		7C8019CE1218443100BE995C /* 9-trefl-high.png in Resources */ = {isa = PBXBuildFile; fileRef = 7C80199A1218443100BE995C /* 9-trefl-high.png */; };
		7C8019CF1218443100BE995C /* 10-heart-high.png in Resources */ = {isa = PBXBuildFile; fileRef = 7C80199B1218443100BE995C /* 10-heart-high.png */; };
		7C8019D01218443100BE995C /* 10-karo-high.png in Resources */ = {isa = PBXBuildFile; fileRef = 7C80199C1218443100BE995C /* 10-karo-high.png */; };
		7C8019D11218443100BE995C /* 10-spade-high.png in Resources */ = {isa = PBXBuildFile; fileRef = 7C80199D1218443100BE995C /* 10-spade-high.png */; };
		7C8019D21218443100BE995C /* 10-trefl-high.png in Resources */ = {isa = PBXBuildFile; fileRef = 7C80199E1218443100BE995C /* 10-trefl-high.png */; };
		7C8019D31218443100BE995C /* 11-heart-high.png in Resources */ = {isa = PBXBuildFile; fileRef = 7C80199F1218443100BE995C /* 11-heart-high.png */; };
		7C8019D41218443100BE995C /* 11-karo-high.png in Resources */ = {isa = PBXBuildFile; fileRef = 7C8019A01218443100BE995C /* 11-karo-high.png */; };
		7C8019D51218443100BE995C /* 11-spade-high.png in Resources */ = {isa = PBXBuildFile; fileRef = 7C8019A11218443100BE995C /* 11-spade-high.png */; };
		7C8019D61218443100BE995C /* 11-trefl-high.png in Resources */ = {isa = PBXBuildFile; fileRef = 7C8019A21218443100BE995C /* 11-trefl-high.png */; };
		7C8019D71218443100BE995C /* 12-heart-high.png in Resources */ = {isa = PBXBuildFile; fileRef = 7C8019A31218443100BE995C /* 12-heart-high.png */; };
		7C8019D81218443100BE995C /* 12-karo-high.png in Resources */ = {isa = PBXBuildFile; fileRef = 7C8019A41218443100BE995C /* 12-karo-high.png */; };
		7C8019D91218443100BE995C /* 12-spade-high.png in Resources */ = {isa = PBXBuildFile; fileRef = 7C8019A51218443100BE995C /* 12-spade-high.png */; };
		7C8019DA1218443100BE995C /* 12-trefl-high.png in Resources */ = {isa = PBXBuildFile; fileRef = 7C8019A61218443100BE995C /* 12-trefl-high.png */; };
		7C8019DB1218443100BE995C /* 13-heart-high.png in Resources */ = {isa = PBXBuildFile; fileRef = 7C8019A71218443100BE995C /* 13-heart-high.png */; };
		7C8019DC1218443100BE995C /* 13-karo-high.png in Resources */ = {isa = PBXBuildFile; fileRef = 7C8019A81218443100BE995C /* 13-karo-high.png */; };
		7C8019DD1218443100BE995C /* 13-spade-high.png in Resources */ = {isa = PBXBuildFile; fileRef = 7C8019A91218443100BE995C /* 13-spade-high.png */; };
		7C8019DE1218443100BE995C /* 13-trefl-high.png in Resources */ = {isa = PBXBuildFile; fileRef = 7C8019AA1218443100BE995C /* 13-trefl-high.png */; };
		7C801A4412198D3700BE995C /* INFSmartFoxBuddy.m in Sources */ = {isa = PBXBuildFile; fileRef = 7C801A2212198D3700BE995C /* INFSmartFoxBuddy.m */; };
		7C801A4512198D3700BE995C /* INFSmartFoxRoom.m in Sources */ = {isa = PBXBuildFile; fileRef = 7C801A2312198D3700BE995C /* INFSmartFoxRoom.m */; };
		7C801A4612198D3700BE995C /* INFSmartFoxRoomCreateParams.m in Sources */ = {isa = PBXBuildFile; fileRef = 7C801A2412198D3700BE995C /* INFSmartFoxRoomCreateParams.m */; };
		7C801A4712198D3700BE995C /* INFSmartFoxRoomVariable.m in Sources */ = {isa = PBXBuildFile; fileRef = 7C801A2512198D3700BE995C /* INFSmartFoxRoomVariable.m */; };
		7C801A4812198D3700BE995C /* INFSmartFoxUser.m in Sources */ = {isa = PBXBuildFile; fileRef = 7C801A2612198D3700BE995C /* INFSmartFoxUser.m */; };
		7C801A4912198D3700BE995C /* INFSmartFoxZone.m in Sources */ = {isa = PBXBuildFile; fileRef = 7C801A2712198D3700BE995C /* INFSmartFoxZone.m */; };
		7C801A4A12198D3700BE995C /* INFSmartFoxExtHandler.m in Sources */ = {isa = PBXBuildFile; fileRef = 7C801A2912198D3700BE995C /* INFSmartFoxExtHandler.m */; };
		7C801A4B12198D3700BE995C /* INFSmartFoxSFSEvent.m in Sources */ = {isa = PBXBuildFile; fileRef = 7C801A2A12198D3700BE995C /* INFSmartFoxSFSEvent.m */; };
		7C801A4C12198D3700BE995C /* INFSmartFoxSysHandler.m in Sources */ = {isa = PBXBuildFile; fileRef = 7C801A2B12198D3700BE995C /* INFSmartFoxSysHandler.m */; };
		7C801A4D12198D3700BE995C /* SFSHttpConnection.m in Sources */ = {isa = PBXBuildFile; fileRef = 7C801A2D12198D3700BE995C /* SFSHttpConnection.m */; };
		7C801A4E12198D3700BE995C /* INFSmartFoxiPhoneClient.m in Sources */ = {isa = PBXBuildFile; fileRef = 7C801A2E12198D3700BE995C /* INFSmartFoxiPhoneClient.m */; };
		7C801A4F12198D3700BE995C /* NSObject+SBJSON.m in Sources */ = {isa = PBXBuildFile; fileRef = 7C801A3012198D3700BE995C /* NSObject+SBJSON.m */; };
		7C801A5012198D3700BE995C /* NSString+SBJSON.m in Sources */ = {isa = PBXBuildFile; fileRef = 7C801A3112198D3700BE995C /* NSString+SBJSON.m */; };
		7C801A5112198D3700BE995C /* SBJSON.m in Sources */ = {isa = PBXBuildFile; fileRef = 7C801A3212198D3700BE995C /* SBJSON.m */; };
		7C801A5212198D3700BE995C /* SBJsonBase.m in Sources */ = {isa = PBXBuildFile; fileRef = 7C801A3312198D3700BE995C /* SBJsonBase.m */; };
		7C801A5312198D3700BE995C /* SBJsonParser.m in Sources */ = {isa = PBXBuildFile; fileRef = 7C801A3412198D3700BE995C /* SBJsonParser.m */; };
		7C801A5412198D3700BE995C /* SBJsonWriter.m in Sources */ = {isa = PBXBuildFile; fileRef = 7C801A3512198D3700BE995C /* SBJsonWriter.m */; };
		7C801A5512198D3700BE995C /* NSObjectAddition.m in Sources */ = {isa = PBXBuildFile; fileRef = 7C801A3712198D3700BE995C /* NSObjectAddition.m */; };
		7C801A5612198D3700BE995C /* NStreamAddition.m in Sources */ = {isa = PBXBuildFile; fileRef = 7C801A3812198D3700BE995C /* NStreamAddition.m */; };
		7C801A5712198D3700BE995C /* CXMLDocument.m in Sources */ = {isa = PBXBuildFile; fileRef = 7C801A3A12198D3700BE995C /* CXMLDocument.m */; };
		7C801A5812198D3700BE995C /* CXMLDocument_PrivateExtensions.m in Sources */ = {isa = PBXBuildFile; fileRef = 7C801A3B12198D3700BE995C /* CXMLDocument_PrivateExtensions.m */; };
		7C801A5912198D3700BE995C /* CXMLElement.m in Sources */ = {isa = PBXBuildFile; fileRef = 7C801A3C12198D3700BE995C /* CXMLElement.m */; };
		7C801A5A12198D3700BE995C /* CXMLNode.m in Sources */ = {isa = PBXBuildFile; fileRef = 7C801A3D12198D3700BE995C /* CXMLNode.m */; };
		7C801A5B12198D3700BE995C /* CXMLNode_PrivateExtensions.m in Sources */ = {isa = PBXBuildFile; fileRef = 7C801A3E12198D3700BE995C /* CXMLNode_PrivateExtensions.m */; };
		7C801A5C12198D3700BE995C /* CXMLNode_XPathExtensions.m in Sources */ = {isa = PBXBuildFile; fileRef = 7C801A3F12198D3700BE995C /* CXMLNode_XPathExtensions.m */; };
		7C801A5D12198D3700BE995C /* INFSendBuffer.m in Sources */ = {isa = PBXBuildFile; fileRef = 7C801A4112198D3700BE995C /* INFSendBuffer.m */; };
		7C801A5E12198D3700BE995C /* INFSmartFoxEntities.m in Sources */ = {isa = PBXBuildFile; fileRef = 7C801A4212198D3700BE995C /* INFSmartFoxEntities.m */; };
		7C801A5F12198D3700BE995C /* INFSmartFoxObjectSerializer.m in Sources */ = {isa = PBXBuildFile; fileRef = 7C801A4312198D3700BE995C /* INFSmartFoxObjectSerializer.m */; };
		7C801A6212198D6D00BE995C /* CFNetwork.framework in Frameworks */ = {isa = PBXBuildFile; fileRef = 7C801A6112198D6D00BE995C /* CFNetwork.framework */; };
		7C801A6F121990D900BE995C /* LogInViewController.m in Sources */ = {isa = PBXBuildFile; fileRef = 7C801A6D121990D900BE995C /* LogInViewController.m */; };
		7C801A70121990D900BE995C /* LogInViewController.xib in Resources */ = {isa = PBXBuildFile; fileRef = 7C801A6E121990D900BE995C /* LogInViewController.xib */; };
		7C801AC11219966A00BE995C /* config.xml in Resources */ = {isa = PBXBuildFile; fileRef = 7C801AC01219966A00BE995C /* config.xml */; };
		7C801BA6121A8EF600BE995C /* RoomViewController.m in Sources */ = {isa = PBXBuildFile; fileRef = 7C801BA4121A8EF600BE995C /* RoomViewController.m */; };
		7C801BA7121A8EF600BE995C /* RoomViewController.xib in Resources */ = {isa = PBXBuildFile; fileRef = 7C801BA5121A8EF600BE995C /* RoomViewController.xib */; };
/* End PBXBuildFile section */

/* Begin PBXFileReference section */
		1D30AB110D05D00D00671497 /* Foundation.framework */ = {isa = PBXFileReference; lastKnownFileType = wrapper.framework; name = Foundation.framework; path = System/Library/Frameworks/Foundation.framework; sourceTree = SDKROOT; };
		1D3623240D0F684500981E51 /* TarneebAppDelegate.h */ = {isa = PBXFileReference; fileEncoding = 4; lastKnownFileType = sourcecode.c.h; path = TarneebAppDelegate.h; sourceTree = "<group>"; };
		1D3623250D0F684500981E51 /* TarneebAppDelegate.m */ = {isa = PBXFileReference; fileEncoding = 4; lastKnownFileType = sourcecode.c.objc; path = TarneebAppDelegate.m; sourceTree = "<group>"; };
		1D6058910D05DD3D006BFB54 /* Tarneeb.app */ = {isa = PBXFileReference; explicitFileType = wrapper.application; includeInIndex = 0; path = Tarneeb.app; sourceTree = BUILT_PRODUCTS_DIR; };
		1DF5F4DF0D08C38300B7A737 /* UIKit.framework */ = {isa = PBXFileReference; lastKnownFileType = wrapper.framework; name = UIKit.framework; path = System/Library/Frameworks/UIKit.framework; sourceTree = SDKROOT; };
		288765FC0DF74451002DB57D /* CoreGraphics.framework */ = {isa = PBXFileReference; lastKnownFileType = wrapper.framework; name = CoreGraphics.framework; path = System/Library/Frameworks/CoreGraphics.framework; sourceTree = SDKROOT; };
		28AD733E0D9D9553002E5188 /* MainWindow.xib */ = {isa = PBXFileReference; lastKnownFileType = file.xib; path = MainWindow.xib; sourceTree = "<group>"; };
		29B97316FDCFA39411CA2CEA /* main.m */ = {isa = PBXFileReference; fileEncoding = 4; lastKnownFileType = sourcecode.c.objc; path = main.m; sourceTree = "<group>"; };
		32CA4F630368D1EE00C91783 /* Tarneeb_Prefix.pch */ = {isa = PBXFileReference; fileEncoding = 4; lastKnownFileType = sourcecode.c.h; path = Tarneeb_Prefix.pch; sourceTree = "<group>"; };
		7C03000C12160A7F00D258BD /* 11-heart.png */ = {isa = PBXFileReference; lastKnownFileType = image.png; path = "11-heart.png"; sourceTree = "<group>"; };
		7C03000D12160A7F00D258BD /* 11-karo.png */ = {isa = PBXFileReference; lastKnownFileType = image.png; path = "11-karo.png"; sourceTree = "<group>"; };
		7C03000E12160A7F00D258BD /* 11-spade.png */ = {isa = PBXFileReference; lastKnownFileType = image.png; path = "11-spade.png"; sourceTree = "<group>"; };
		7C03000F12160A7F00D258BD /* 11-trefl.png */ = {isa = PBXFileReference; lastKnownFileType = image.png; path = "11-trefl.png"; sourceTree = "<group>"; };
		7C03001012160A7F00D258BD /* 12-heart.png */ = {isa = PBXFileReference; lastKnownFileType = image.png; path = "12-heart.png"; sourceTree = "<group>"; };
		7C03001112160A7F00D258BD /* 12-karo.png */ = {isa = PBXFileReference; lastKnownFileType = image.png; path = "12-karo.png"; sourceTree = "<group>"; };
		7C03001212160A7F00D258BD /* 12-spade.png */ = {isa = PBXFileReference; lastKnownFileType = image.png; path = "12-spade.png"; sourceTree = "<group>"; };
		7C03001312160A7F00D258BD /* 12-trefl.png */ = {isa = PBXFileReference; lastKnownFileType = image.png; path = "12-trefl.png"; sourceTree = "<group>"; };
		7C03001412160A7F00D258BD /* 13-heart.png */ = {isa = PBXFileReference; lastKnownFileType = image.png; path = "13-heart.png"; sourceTree = "<group>"; };
		7C03001512160A7F00D258BD /* 13-karo.png */ = {isa = PBXFileReference; lastKnownFileType = image.png; path = "13-karo.png"; sourceTree = "<group>"; };
		7C03001612160A7F00D258BD /* 13-spade.png */ = {isa = PBXFileReference; lastKnownFileType = image.png; path = "13-spade.png"; sourceTree = "<group>"; };
		7C03001712160A7F00D258BD /* 13-trefl.png */ = {isa = PBXFileReference; lastKnownFileType = image.png; path = "13-trefl.png"; sourceTree = "<group>"; };
		7C03FE6512143DE800D258BD /* Game.h */ = {isa = PBXFileReference; fileEncoding = 4; lastKnownFileType = sourcecode.c.h; path = Game.h; sourceTree = "<group>"; };
		7C03FE6612143DE800D258BD /* Game.m */ = {isa = PBXFileReference; fileEncoding = 4; lastKnownFileType = sourcecode.c.objc; path = Game.m; sourceTree = "<group>"; };
		7C03FF66121602F500D258BD /* 1-heart.png */ = {isa = PBXFileReference; lastKnownFileType = image.png; path = "1-heart.png"; sourceTree = "<group>"; };
		7C03FF67121602F500D258BD /* 1-karo.png */ = {isa = PBXFileReference; lastKnownFileType = image.png; path = "1-karo.png"; sourceTree = "<group>"; };
		7C03FF68121602F500D258BD /* 1-spade.png */ = {isa = PBXFileReference; lastKnownFileType = image.png; path = "1-spade.png"; sourceTree = "<group>"; };
		7C03FF69121602F500D258BD /* 1-trefl.png */ = {isa = PBXFileReference; lastKnownFileType = image.png; path = "1-trefl.png"; sourceTree = "<group>"; };
		7C03FF6A121602F500D258BD /* 2-heart.png */ = {isa = PBXFileReference; lastKnownFileType = image.png; path = "2-heart.png"; sourceTree = "<group>"; };
		7C03FF6B121602F500D258BD /* 2-karo.png */ = {isa = PBXFileReference; lastKnownFileType = image.png; path = "2-karo.png"; sourceTree = "<group>"; };
		7C03FF6C121602F500D258BD /* 2-spade.png */ = {isa = PBXFileReference; lastKnownFileType = image.png; path = "2-spade.png"; sourceTree = "<group>"; };
		7C03FF6D121602F500D258BD /* 2-trefl.png */ = {isa = PBXFileReference; lastKnownFileType = image.png; path = "2-trefl.png"; sourceTree = "<group>"; };
		7C03FF6E121602F500D258BD /* 3-heart.png */ = {isa = PBXFileReference; lastKnownFileType = image.png; path = "3-heart.png"; sourceTree = "<group>"; };
		7C03FF6F121602F500D258BD /* 3-karo.png */ = {isa = PBXFileReference; lastKnownFileType = image.png; path = "3-karo.png"; sourceTree = "<group>"; };
		7C03FF70121602F500D258BD /* 3-spade.png */ = {isa = PBXFileReference; lastKnownFileType = image.png; path = "3-spade.png"; sourceTree = "<group>"; };
		7C03FF71121602F500D258BD /* 3-trefl.png */ = {isa = PBXFileReference; lastKnownFileType = image.png; path = "3-trefl.png"; sourceTree = "<group>"; };
		7C03FF72121602F500D258BD /* 4-heart.png */ = {isa = PBXFileReference; lastKnownFileType = image.png; path = "4-heart.png"; sourceTree = "<group>"; };
		7C03FF73121602F500D258BD /* 4-karo.png */ = {isa = PBXFileReference; lastKnownFileType = image.png; path = "4-karo.png"; sourceTree = "<group>"; };
		7C03FF74121602F500D258BD /* 4-spade.png */ = {isa = PBXFileReference; lastKnownFileType = image.png; path = "4-spade.png"; sourceTree = "<group>"; };
		7C03FF75121602F500D258BD /* 4-trefl.png */ = {isa = PBXFileReference; lastKnownFileType = image.png; path = "4-trefl.png"; sourceTree = "<group>"; };
		7C03FF76121602F500D258BD /* 5-heart.png */ = {isa = PBXFileReference; lastKnownFileType = image.png; path = "5-heart.png"; sourceTree = "<group>"; };
		7C03FF77121602F500D258BD /* 5-karo.png */ = {isa = PBXFileReference; lastKnownFileType = image.png; path = "5-karo.png"; sourceTree = "<group>"; };
		7C03FF78121602F500D258BD /* 5-spade.png */ = {isa = PBXFileReference; lastKnownFileType = image.png; path = "5-spade.png"; sourceTree = "<group>"; };
		7C03FF79121602F500D258BD /* 5-trefl.png */ = {isa = PBXFileReference; lastKnownFileType = image.png; path = "5-trefl.png"; sourceTree = "<group>"; };
		7C03FF7A121602F500D258BD /* 6-heart.png */ = {isa = PBXFileReference; lastKnownFileType = image.png; path = "6-heart.png"; sourceTree = "<group>"; };
		7C03FF7B121602F500D258BD /* 6-karo.png */ = {isa = PBXFileReference; lastKnownFileType = image.png; path = "6-karo.png"; sourceTree = "<group>"; };
		7C03FF7C121602F500D258BD /* 6-spade.png */ = {isa = PBXFileReference; lastKnownFileType = image.png; path = "6-spade.png"; sourceTree = "<group>"; };
		7C03FF7D121602F500D258BD /* 6-trefl.png */ = {isa = PBXFileReference; lastKnownFileType = image.png; path = "6-trefl.png"; sourceTree = "<group>"; };
		7C03FF7E121602F500D258BD /* 7-heart.png */ = {isa = PBXFileReference; lastKnownFileType = image.png; path = "7-heart.png"; sourceTree = "<group>"; };
		7C03FF7F121602F500D258BD /* 7-karo.png */ = {isa = PBXFileReference; lastKnownFileType = image.png; path = "7-karo.png"; sourceTree = "<group>"; };
		7C03FF80121602F500D258BD /* 7-spade.png */ = {isa = PBXFileReference; lastKnownFileType = image.png; path = "7-spade.png"; sourceTree = "<group>"; };
		7C03FF81121602F500D258BD /* 7-trefl.png */ = {isa = PBXFileReference; lastKnownFileType = image.png; path = "7-trefl.png"; sourceTree = "<group>"; };
		7C03FF82121602F500D258BD /* 8-heart.png */ = {isa = PBXFileReference; lastKnownFileType = image.png; path = "8-heart.png"; sourceTree = "<group>"; };
		7C03FF83121602F500D258BD /* 8-karo.png */ = {isa = PBXFileReference; lastKnownFileType = image.png; path = "8-karo.png"; sourceTree = "<group>"; };
		7C03FF84121602F500D258BD /* 8-spade.png */ = {isa = PBXFileReference; lastKnownFileType = image.png; path = "8-spade.png"; sourceTree = "<group>"; };
		7C03FF85121602F500D258BD /* 8-trefl.png */ = {isa = PBXFileReference; lastKnownFileType = image.png; path = "8-trefl.png"; sourceTree = "<group>"; };
		7C03FF86121602F500D258BD /* 9-heart.png */ = {isa = PBXFileReference; lastKnownFileType = image.png; path = "9-heart.png"; sourceTree = "<group>"; };
		7C03FF87121602F500D258BD /* 9-karo.png */ = {isa = PBXFileReference; lastKnownFileType = image.png; path = "9-karo.png"; sourceTree = "<group>"; };
		7C03FF88121602F500D258BD /* 9-spade.png */ = {isa = PBXFileReference; lastKnownFileType = image.png; path = "9-spade.png"; sourceTree = "<group>"; };
		7C03FF89121602F500D258BD /* 9-trefl.png */ = {isa = PBXFileReference; lastKnownFileType = image.png; path = "9-trefl.png"; sourceTree = "<group>"; };
		7C03FF8A121602F500D258BD /* 10-heart.png */ = {isa = PBXFileReference; lastKnownFileType = image.png; path = "10-heart.png"; sourceTree = "<group>"; };
		7C03FF8B121602F500D258BD /* 10-karo.png */ = {isa = PBXFileReference; lastKnownFileType = image.png; path = "10-karo.png"; sourceTree = "<group>"; };
		7C03FF8C121602F500D258BD /* 10-spade.png */ = {isa = PBXFileReference; lastKnownFileType = image.png; path = "10-spade.png"; sourceTree = "<group>"; };
		7C03FF8D121602F500D258BD /* 10-trefl.png */ = {isa = PBXFileReference; lastKnownFileType = image.png; path = "10-trefl.png"; sourceTree = "<group>"; };
		7C5754BC121173C6007AEF4D /* Card.h */ = {isa = PBXFileReference; fileEncoding = 4; lastKnownFileType = sourcecode.c.h; path = Card.h; sourceTree = "<group>"; };
		7C5754BD121173C6007AEF4D /* Card.m */ = {isa = PBXFileReference; fileEncoding = 4; lastKnownFileType = sourcecode.c.objc; path = Card.m; sourceTree = "<group>"; };
		7C5754D31211B081007AEF4D /* Deck.h */ = {isa = PBXFileReference; fileEncoding = 4; lastKnownFileType = sourcecode.c.h; path = Deck.h; sourceTree = "<group>"; };
		7C5754D41211B081007AEF4D /* Deck.m */ = {isa = PBXFileReference; fileEncoding = 4; lastKnownFileType = sourcecode.c.objc; path = Deck.m; sourceTree = "<group>"; };
		7C5754D9121439EC007AEF4D /* DummyViewController.h */ = {isa = PBXFileReference; fileEncoding = 4; lastKnownFileType = sourcecode.c.h; path = DummyViewController.h; sourceTree = "<group>"; };
		7C5754DA121439EC007AEF4D /* DummyViewController.m */ = {isa = PBXFileReference; fileEncoding = 4; lastKnownFileType = sourcecode.c.objc; path = DummyViewController.m; sourceTree = "<group>"; };
		7C5754DB121439EC007AEF4D /* DummyViewController.xib */ = {isa = PBXFileReference; lastKnownFileType = file.xib; name = DummyViewController.xib; path = Classes/DummyViewController.xib; sourceTree = "<group>"; };
		7C8019771218443100BE995C /* 1-heart-high.png */ = {isa = PBXFileReference; lastKnownFileType = image.png; path = "1-heart-high.png"; sourceTree = "<group>"; };
		7C8019781218443100BE995C /* 1-karo-high.png */ = {isa = PBXFileReference; lastKnownFileType = image.png; path = "1-karo-high.png"; sourceTree = "<group>"; };
		7C8019791218443100BE995C /* 1-spade-high.png */ = {isa = PBXFileReference; lastKnownFileType = image.png; path = "1-spade-high.png"; sourceTree = "<group>"; };
		7C80197A1218443100BE995C /* 1-trefl-high.png */ = {isa = PBXFileReference; lastKnownFileType = image.png; path = "1-trefl-high.png"; sourceTree = "<group>"; };
		7C80197B1218443100BE995C /* 2-heart-high.png */ = {isa = PBXFileReference; lastKnownFileType = image.png; path = "2-heart-high.png"; sourceTree = "<group>"; };
		7C80197C1218443100BE995C /* 2-karo-high.png */ = {isa = PBXFileReference; lastKnownFileType = image.png; path = "2-karo-high.png"; sourceTree = "<group>"; };
		7C80197D1218443100BE995C /* 2-spade-high.png */ = {isa = PBXFileReference; lastKnownFileType = image.png; path = "2-spade-high.png"; sourceTree = "<group>"; };
		7C80197E1218443100BE995C /* 2-trefl-high.png */ = {isa = PBXFileReference; lastKnownFileType = image.png; path = "2-trefl-high.png"; sourceTree = "<group>"; };
		7C80197F1218443100BE995C /* 3-heart-high.png */ = {isa = PBXFileReference; lastKnownFileType = image.png; path = "3-heart-high.png"; sourceTree = "<group>"; };
		7C8019801218443100BE995C /* 3-karo-high.png */ = {isa = PBXFileReference; lastKnownFileType = image.png; path = "3-karo-high.png"; sourceTree = "<group>"; };
		7C8019811218443100BE995C /* 3-spade-high.png */ = {isa = PBXFileReference; lastKnownFileType = image.png; path = "3-spade-high.png"; sourceTree = "<group>"; };
		7C8019821218443100BE995C /* 3-trefl-high.png */ = {isa = PBXFileReference; lastKnownFileType = image.png; path = "3-trefl-high.png"; sourceTree = "<group>"; };
		7C8019831218443100BE995C /* 4-heart-high.png */ = {isa = PBXFileReference; lastKnownFileType = image.png; path = "4-heart-high.png"; sourceTree = "<group>"; };
		7C8019841218443100BE995C /* 4-karo-high.png */ = {isa = PBXFileReference; lastKnownFileType = image.png; path = "4-karo-high.png"; sourceTree = "<group>"; };
		7C8019851218443100BE995C /* 4-spade-high.png */ = {isa = PBXFileReference; lastKnownFileType = image.png; path = "4-spade-high.png"; sourceTree = "<group>"; };
		7C8019861218443100BE995C /* 4-trefl-high.png */ = {isa = PBXFileReference; lastKnownFileType = image.png; path = "4-trefl-high.png"; sourceTree = "<group>"; };
		7C8019871218443100BE995C /* 5-heart-high.png */ = {isa = PBXFileReference; lastKnownFileType = image.png; path = "5-heart-high.png"; sourceTree = "<group>"; };
		7C8019881218443100BE995C /* 5-karo-high.png */ = {isa = PBXFileReference; lastKnownFileType = image.png; path = "5-karo-high.png"; sourceTree = "<group>"; };
		7C8019891218443100BE995C /* 5-spade-high.png */ = {isa = PBXFileReference; lastKnownFileType = image.png; path = "5-spade-high.png"; sourceTree = "<group>"; };
		7C80198A1218443100BE995C /* 5-trefl-high.png */ = {isa = PBXFileReference; lastKnownFileType = image.png; path = "5-trefl-high.png"; sourceTree = "<group>"; };
		7C80198B1218443100BE995C /* 6-heart-high.png */ = {isa = PBXFileReference; lastKnownFileType = image.png; path = "6-heart-high.png"; sourceTree = "<group>"; };
		7C80198C1218443100BE995C /* 6-karo-high.png */ = {isa = PBXFileReference; lastKnownFileType = image.png; path = "6-karo-high.png"; sourceTree = "<group>"; };
		7C80198D1218443100BE995C /* 6-spade-high.png */ = {isa = PBXFileReference; lastKnownFileType = image.png; path = "6-spade-high.png"; sourceTree = "<group>"; };
		7C80198E1218443100BE995C /* 6-trefl-high.png */ = {isa = PBXFileReference; lastKnownFileType = image.png; path = "6-trefl-high.png"; sourceTree = "<group>"; };
		7C80198F1218443100BE995C /* 7-heart-high.png */ = {isa = PBXFileReference; lastKnownFileType = image.png; path = "7-heart-high.png"; sourceTree = "<group>"; };
		7C8019901218443100BE995C /* 7-karo-high.png */ = {isa = PBXFileReference; lastKnownFileType = image.png; path = "7-karo-high.png"; sourceTree = "<group>"; };
		7C8019911218443100BE995C /* 7-spade-high.png */ = {isa = PBXFileReference; lastKnownFileType = image.png; path = "7-spade-high.png"; sourceTree = "<group>"; };
		7C8019921218443100BE995C /* 7-trefl-high.png */ = {isa = PBXFileReference; lastKnownFileType = image.png; path = "7-trefl-high.png"; sourceTree = "<group>"; };
		7C8019931218443100BE995C /* 8-heart-high.png */ = {isa = PBXFileReference; lastKnownFileType = image.png; path = "8-heart-high.png"; sourceTree = "<group>"; };
		7C8019941218443100BE995C /* 8-karo-high.png */ = {isa = PBXFileReference; lastKnownFileType = image.png; path = "8-karo-high.png"; sourceTree = "<group>"; };
		7C8019951218443100BE995C /* 8-spade-high.png */ = {isa = PBXFileReference; lastKnownFileType = image.png; path = "8-spade-high.png"; sourceTree = "<group>"; };
		7C8019961218443100BE995C /* 8-trefl-high.png */ = {isa = PBXFileReference; lastKnownFileType = image.png; path = "8-trefl-high.png"; sourceTree = "<group>"; };
		7C8019971218443100BE995C /* 9-heart-high.png */ = {isa = PBXFileReference; lastKnownFileType = image.png; path = "9-heart-high.png"; sourceTree = "<group>"; };
		7C8019981218443100BE995C /* 9-karo-high.png */ = {isa = PBXFileReference; lastKnownFileType = image.png; path = "9-karo-high.png"; sourceTree = "<group>"; };
		7C8019991218443100BE995C /* 9-spade-high.png */ = {isa = PBXFileReference; lastKnownFileType = image.png; path = "9-spade-high.png"; sourceTree = "<group>"; };
		7C80199A1218443100BE995C /* 9-trefl-high.png */ = {isa = PBXFileReference; lastKnownFileType = image.png; path = "9-trefl-high.png"; sourceTree = "<group>"; };
		7C80199B1218443100BE995C /* 10-heart-high.png */ = {isa = PBXFileReference; lastKnownFileType = image.png; path = "10-heart-high.png"; sourceTree = "<group>"; };
		7C80199C1218443100BE995C /* 10-karo-high.png */ = {isa = PBXFileReference; lastKnownFileType = image.png; path = "10-karo-high.png"; sourceTree = "<group>"; };
		7C80199D1218443100BE995C /* 10-spade-high.png */ = {isa = PBXFileReference; lastKnownFileType = image.png; path = "10-spade-high.png"; sourceTree = "<group>"; };
		7C80199E1218443100BE995C /* 10-trefl-high.png */ = {isa = PBXFileReference; lastKnownFileType = image.png; path = "10-trefl-high.png"; sourceTree = "<group>"; };
		7C80199F1218443100BE995C /* 11-heart-high.png */ = {isa = PBXFileReference; lastKnownFileType = image.png; path = "11-heart-high.png"; sourceTree = "<group>"; };
		7C8019A01218443100BE995C /* 11-karo-high.png */ = {isa = PBXFileReference; lastKnownFileType = image.png; path = "11-karo-high.png"; sourceTree = "<group>"; };
		7C8019A11218443100BE995C /* 11-spade-high.png */ = {isa = PBXFileReference; lastKnownFileType = image.png; path = "11-spade-high.png"; sourceTree = "<group>"; };
		7C8019A21218443100BE995C /* 11-trefl-high.png */ = {isa = PBXFileReference; lastKnownFileType = image.png; path = "11-trefl-high.png"; sourceTree = "<group>"; };
		7C8019A31218443100BE995C /* 12-heart-high.png */ = {isa = PBXFileReference; lastKnownFileType = image.png; path = "12-heart-high.png"; sourceTree = "<group>"; };
		7C8019A41218443100BE995C /* 12-karo-high.png */ = {isa = PBXFileReference; lastKnownFileType = image.png; path = "12-karo-high.png"; sourceTree = "<group>"; };
		7C8019A51218443100BE995C /* 12-spade-high.png */ = {isa = PBXFileReference; lastKnownFileType = image.png; path = "12-spade-high.png"; sourceTree = "<group>"; };
		7C8019A61218443100BE995C /* 12-trefl-high.png */ = {isa = PBXFileReference; lastKnownFileType = image.png; path = "12-trefl-high.png"; sourceTree = "<group>"; };
		7C8019A71218443100BE995C /* 13-heart-high.png */ = {isa = PBXFileReference; lastKnownFileType = image.png; path = "13-heart-high.png"; sourceTree = "<group>"; };
		7C8019A81218443100BE995C /* 13-karo-high.png */ = {isa = PBXFileReference; lastKnownFileType = image.png; path = "13-karo-high.png"; sourceTree = "<group>"; };
		7C8019A91218443100BE995C /* 13-spade-high.png */ = {isa = PBXFileReference; lastKnownFileType = image.png; path = "13-spade-high.png"; sourceTree = "<group>"; };
		7C8019AA1218443100BE995C /* 13-trefl-high.png */ = {isa = PBXFileReference; lastKnownFileType = image.png; path = "13-trefl-high.png"; sourceTree = "<group>"; };
		7C8019FA12198D3700BE995C /* INFSmartFoxBuddy.h */ = {isa = PBXFileReference; fileEncoding = 4; lastKnownFileType = sourcecode.c.h; path = INFSmartFoxBuddy.h; sourceTree = "<group>"; };
		7C8019FB12198D3700BE995C /* INFSmartFoxRoom.h */ = {isa = PBXFileReference; fileEncoding = 4; lastKnownFileType = sourcecode.c.h; path = INFSmartFoxRoom.h; sourceTree = "<group>"; };
		7C8019FC12198D3700BE995C /* INFSmartFoxRoomCreateParams.h */ = {isa = PBXFileReference; fileEncoding = 4; lastKnownFileType = sourcecode.c.h; path = INFSmartFoxRoomCreateParams.h; sourceTree = "<group>"; };
		7C8019FD12198D3700BE995C /* INFSmartFoxRoomVariable.h */ = {isa = PBXFileReference; fileEncoding = 4; lastKnownFileType = sourcecode.c.h; path = INFSmartFoxRoomVariable.h; sourceTree = "<group>"; };
		7C8019FE12198D3700BE995C /* INFSmartFoxUser.h */ = {isa = PBXFileReference; fileEncoding = 4; lastKnownFileType = sourcecode.c.h; path = INFSmartFoxUser.h; sourceTree = "<group>"; };
		7C8019FF12198D3700BE995C /* INFSmartFoxZone.h */ = {isa = PBXFileReference; fileEncoding = 4; lastKnownFileType = sourcecode.c.h; path = INFSmartFoxZone.h; sourceTree = "<group>"; };
		7C801A0112198D3700BE995C /* INFSmartFoxExtHandler.h */ = {isa = PBXFileReference; fileEncoding = 4; lastKnownFileType = sourcecode.c.h; path = INFSmartFoxExtHandler.h; sourceTree = "<group>"; };
		7C801A0212198D3700BE995C /* INFSmartFoxIMessageHandler.h */ = {isa = PBXFileReference; fileEncoding = 4; lastKnownFileType = sourcecode.c.h; path = INFSmartFoxIMessageHandler.h; sourceTree = "<group>"; };
		7C801A0312198D3700BE995C /* INFSmartFoxISFSEvents.h */ = {isa = PBXFileReference; fileEncoding = 4; lastKnownFileType = sourcecode.c.h; path = INFSmartFoxISFSEvents.h; sourceTree = "<group>"; };
		7C801A0412198D3700BE995C /* INFSmartFoxSFSEvent.h */ = {isa = PBXFileReference; fileEncoding = 4; lastKnownFileType = sourcecode.c.h; path = INFSmartFoxSFSEvent.h; sourceTree = "<group>"; };
		7C801A0512198D3700BE995C /* INFSmartFoxSysHandler.h */ = {isa = PBXFileReference; fileEncoding = 4; lastKnownFileType = sourcecode.c.h; path = INFSmartFoxSysHandler.h; sourceTree = "<group>"; };
		7C801A0712198D3700BE995C /* SFSHttpConnection.h */ = {isa = PBXFileReference; fileEncoding = 4; lastKnownFileType = sourcecode.c.h; path = SFSHttpConnection.h; sourceTree = "<group>"; };
		7C801A0812198D3700BE995C /* INFSmartFoxiPhoneClient.h */ = {isa = PBXFileReference; fileEncoding = 4; lastKnownFileType = sourcecode.c.h; path = INFSmartFoxiPhoneClient.h; sourceTree = "<group>"; };
		7C801A0A12198D3700BE995C /* JSON.h */ = {isa = PBXFileReference; fileEncoding = 4; lastKnownFileType = sourcecode.c.h; path = JSON.h; sourceTree = "<group>"; };
		7C801A0B12198D3700BE995C /* NSObject+SBJSON.h */ = {isa = PBXFileReference; fileEncoding = 4; lastKnownFileType = sourcecode.c.h; path = "NSObject+SBJSON.h"; sourceTree = "<group>"; };
		7C801A0C12198D3700BE995C /* NSString+SBJSON.h */ = {isa = PBXFileReference; fileEncoding = 4; lastKnownFileType = sourcecode.c.h; path = "NSString+SBJSON.h"; sourceTree = "<group>"; };
		7C801A0D12198D3700BE995C /* SBJSON.h */ = {isa = PBXFileReference; fileEncoding = 4; lastKnownFileType = sourcecode.c.h; path = SBJSON.h; sourceTree = "<group>"; };
		7C801A0E12198D3700BE995C /* SBJsonBase.h */ = {isa = PBXFileReference; fileEncoding = 4; lastKnownFileType = sourcecode.c.h; path = SBJsonBase.h; sourceTree = "<group>"; };
		7C801A0F12198D3700BE995C /* SBJsonParser.h */ = {isa = PBXFileReference; fileEncoding = 4; lastKnownFileType = sourcecode.c.h; path = SBJsonParser.h; sourceTree = "<group>"; };
		7C801A1012198D3700BE995C /* SBJsonWriter.h */ = {isa = PBXFileReference; fileEncoding = 4; lastKnownFileType = sourcecode.c.h; path = SBJsonWriter.h; sourceTree = "<group>"; };
		7C801A1212198D3700BE995C /* NSObjectAddition.h */ = {isa = PBXFileReference; fileEncoding = 4; lastKnownFileType = sourcecode.c.h; path = NSObjectAddition.h; sourceTree = "<group>"; };
		7C801A1312198D3700BE995C /* NSStreamAddition.h */ = {isa = PBXFileReference; fileEncoding = 4; lastKnownFileType = sourcecode.c.h; path = NSStreamAddition.h; sourceTree = "<group>"; };
		7C801A1512198D3700BE995C /* CXMLDocument.h */ = {isa = PBXFileReference; fileEncoding = 4; lastKnownFileType = sourcecode.c.h; path = CXMLDocument.h; sourceTree = "<group>"; };
		7C801A1612198D3700BE995C /* CXMLDocument_PrivateExtensions.h */ = {isa = PBXFileReference; fileEncoding = 4; lastKnownFileType = sourcecode.c.h; path = CXMLDocument_PrivateExtensions.h; sourceTree = "<group>"; };
		7C801A1712198D3700BE995C /* CXMLElement.h */ = {isa = PBXFileReference; fileEncoding = 4; lastKnownFileType = sourcecode.c.h; path = CXMLElement.h; sourceTree = "<group>"; };
		7C801A1812198D3700BE995C /* CXMLNode.h */ = {isa = PBXFileReference; fileEncoding = 4; lastKnownFileType = sourcecode.c.h; path = CXMLNode.h; sourceTree = "<group>"; };
		7C801A1912198D3700BE995C /* CXMLNode_PrivateExtensions.h */ = {isa = PBXFileReference; fileEncoding = 4; lastKnownFileType = sourcecode.c.h; path = CXMLNode_PrivateExtensions.h; sourceTree = "<group>"; };
		7C801A1A12198D3700BE995C /* CXMLNode_XPathExtensions.h */ = {isa = PBXFileReference; fileEncoding = 4; lastKnownFileType = sourcecode.c.h; path = CXMLNode_XPathExtensions.h; sourceTree = "<group>"; };
		7C801A1B12198D3700BE995C /* TouchXML.h */ = {isa = PBXFileReference; fileEncoding = 4; lastKnownFileType = sourcecode.c.h; path = TouchXML.h; sourceTree = "<group>"; };
		7C801A1D12198D3700BE995C /* INFSendBuffer.h */ = {isa = PBXFileReference; fileEncoding = 4; lastKnownFileType = sourcecode.c.h; path = INFSendBuffer.h; sourceTree = "<group>"; };
		7C801A1E12198D3700BE995C /* INFSmartFoxEntities.h */ = {isa = PBXFileReference; fileEncoding = 4; lastKnownFileType = sourcecode.c.h; path = INFSmartFoxEntities.h; sourceTree = "<group>"; };
		7C801A1F12198D3700BE995C /* INFSmartFoxObjectSerializer.h */ = {isa = PBXFileReference; fileEncoding = 4; lastKnownFileType = sourcecode.c.h; path = INFSmartFoxObjectSerializer.h; sourceTree = "<group>"; };
		7C801A2212198D3700BE995C /* INFSmartFoxBuddy.m */ = {isa = PBXFileReference; fileEncoding = 4; lastKnownFileType = sourcecode.c.objc; path = INFSmartFoxBuddy.m; sourceTree = "<group>"; };
		7C801A2312198D3700BE995C /* INFSmartFoxRoom.m */ = {isa = PBXFileReference; fileEncoding = 4; lastKnownFileType = sourcecode.c.objc; path = INFSmartFoxRoom.m; sourceTree = "<group>"; };
		7C801A2412198D3700BE995C /* INFSmartFoxRoomCreateParams.m */ = {isa = PBXFileReference; fileEncoding = 4; lastKnownFileType = sourcecode.c.objc; path = INFSmartFoxRoomCreateParams.m; sourceTree = "<group>"; };
		7C801A2512198D3700BE995C /* INFSmartFoxRoomVariable.m */ = {isa = PBXFileReference; fileEncoding = 4; lastKnownFileType = sourcecode.c.objc; path = INFSmartFoxRoomVariable.m; sourceTree = "<group>"; };
		7C801A2612198D3700BE995C /* INFSmartFoxUser.m */ = {isa = PBXFileReference; fileEncoding = 4; lastKnownFileType = sourcecode.c.objc; path = INFSmartFoxUser.m; sourceTree = "<group>"; };
		7C801A2712198D3700BE995C /* INFSmartFoxZone.m */ = {isa = PBXFileReference; fileEncoding = 4; lastKnownFileType = sourcecode.c.objc; path = INFSmartFoxZone.m; sourceTree = "<group>"; };
		7C801A2912198D3700BE995C /* INFSmartFoxExtHandler.m */ = {isa = PBXFileReference; fileEncoding = 4; lastKnownFileType = sourcecode.c.objc; path = INFSmartFoxExtHandler.m; sourceTree = "<group>"; };
		7C801A2A12198D3700BE995C /* INFSmartFoxSFSEvent.m */ = {isa = PBXFileReference; fileEncoding = 4; lastKnownFileType = sourcecode.c.objc; path = INFSmartFoxSFSEvent.m; sourceTree = "<group>"; };
		7C801A2B12198D3700BE995C /* INFSmartFoxSysHandler.m */ = {isa = PBXFileReference; fileEncoding = 4; lastKnownFileType = sourcecode.c.objc; path = INFSmartFoxSysHandler.m; sourceTree = "<group>"; };
		7C801A2D12198D3700BE995C /* SFSHttpConnection.m */ = {isa = PBXFileReference; fileEncoding = 4; lastKnownFileType = sourcecode.c.objc; path = SFSHttpConnection.m; sourceTree = "<group>"; };
		7C801A2E12198D3700BE995C /* INFSmartFoxiPhoneClient.m */ = {isa = PBXFileReference; fileEncoding = 4; lastKnownFileType = sourcecode.c.objc; path = INFSmartFoxiPhoneClient.m; sourceTree = "<group>"; };
		7C801A3012198D3700BE995C /* NSObject+SBJSON.m */ = {isa = PBXFileReference; fileEncoding = 4; lastKnownFileType = sourcecode.c.objc; path = "NSObject+SBJSON.m"; sourceTree = "<group>"; };
		7C801A3112198D3700BE995C /* NSString+SBJSON.m */ = {isa = PBXFileReference; fileEncoding = 4; lastKnownFileType = sourcecode.c.objc; path = "NSString+SBJSON.m"; sourceTree = "<group>"; };
		7C801A3212198D3700BE995C /* SBJSON.m */ = {isa = PBXFileReference; fileEncoding = 4; lastKnownFileType = sourcecode.c.objc; path = SBJSON.m; sourceTree = "<group>"; };
		7C801A3312198D3700BE995C /* SBJsonBase.m */ = {isa = PBXFileReference; fileEncoding = 4; lastKnownFileType = sourcecode.c.objc; path = SBJsonBase.m; sourceTree = "<group>"; };
		7C801A3412198D3700BE995C /* SBJsonParser.m */ = {isa = PBXFileReference; fileEncoding = 4; lastKnownFileType = sourcecode.c.objc; path = SBJsonParser.m; sourceTree = "<group>"; };
		7C801A3512198D3700BE995C /* SBJsonWriter.m */ = {isa = PBXFileReference; fileEncoding = 4; lastKnownFileType = sourcecode.c.objc; path = SBJsonWriter.m; sourceTree = "<group>"; };
		7C801A3712198D3700BE995C /* NSObjectAddition.m */ = {isa = PBXFileReference; fileEncoding = 4; lastKnownFileType = sourcecode.c.objc; path = NSObjectAddition.m; sourceTree = "<group>"; };
		7C801A3812198D3700BE995C /* NStreamAddition.m */ = {isa = PBXFileReference; fileEncoding = 4; lastKnownFileType = sourcecode.c.objc; path = NStreamAddition.m; sourceTree = "<group>"; };
		7C801A3A12198D3700BE995C /* CXMLDocument.m */ = {isa = PBXFileReference; fileEncoding = 4; lastKnownFileType = sourcecode.c.objc; path = CXMLDocument.m; sourceTree = "<group>"; };
		7C801A3B12198D3700BE995C /* CXMLDocument_PrivateExtensions.m */ = {isa = PBXFileReference; fileEncoding = 4; lastKnownFileType = sourcecode.c.objc; path = CXMLDocument_PrivateExtensions.m; sourceTree = "<group>"; };
		7C801A3C12198D3700BE995C /* CXMLElement.m */ = {isa = PBXFileReference; fileEncoding = 4; lastKnownFileType = sourcecode.c.objc; path = CXMLElement.m; sourceTree = "<group>"; };
		7C801A3D12198D3700BE995C /* CXMLNode.m */ = {isa = PBXFileReference; fileEncoding = 4; lastKnownFileType = sourcecode.c.objc; path = CXMLNode.m; sourceTree = "<group>"; };
		7C801A3E12198D3700BE995C /* CXMLNode_PrivateExtensions.m */ = {isa = PBXFileReference; fileEncoding = 4; lastKnownFileType = sourcecode.c.objc; path = CXMLNode_PrivateExtensions.m; sourceTree = "<group>"; };
		7C801A3F12198D3700BE995C /* CXMLNode_XPathExtensions.m */ = {isa = PBXFileReference; fileEncoding = 4; lastKnownFileType = sourcecode.c.objc; path = CXMLNode_XPathExtensions.m; sourceTree = "<group>"; };
		7C801A4112198D3700BE995C /* INFSendBuffer.m */ = {isa = PBXFileReference; fileEncoding = 4; lastKnownFileType = sourcecode.c.objc; path = INFSendBuffer.m; sourceTree = "<group>"; };
		7C801A4212198D3700BE995C /* INFSmartFoxEntities.m */ = {isa = PBXFileReference; fileEncoding = 4; lastKnownFileType = sourcecode.c.objc; path = INFSmartFoxEntities.m; sourceTree = "<group>"; };
		7C801A4312198D3700BE995C /* INFSmartFoxObjectSerializer.m */ = {isa = PBXFileReference; fileEncoding = 4; lastKnownFileType = sourcecode.c.objc; path = INFSmartFoxObjectSerializer.m; sourceTree = "<group>"; };
		7C801A6112198D6D00BE995C /* CFNetwork.framework */ = {isa = PBXFileReference; lastKnownFileType = wrapper.framework; name = CFNetwork.framework; path = System/Library/Frameworks/CFNetwork.framework; sourceTree = SDKROOT; };
		7C801A6C121990D900BE995C /* LogInViewController.h */ = {isa = PBXFileReference; fileEncoding = 4; lastKnownFileType = sourcecode.c.h; name = LogInViewController.h; path = ../LogInViewController.h; sourceTree = "<group>"; };
		7C801A6D121990D900BE995C /* LogInViewController.m */ = {isa = PBXFileReference; fileEncoding = 4; lastKnownFileType = sourcecode.c.objc; name = LogInViewController.m; path = ../LogInViewController.m; sourceTree = "<group>"; };
		7C801A6E121990D900BE995C /* LogInViewController.xib */ = {isa = PBXFileReference; lastKnownFileType = file.xib; path = LogInViewController.xib; sourceTree = "<group>"; };
		7C801AC01219966A00BE995C /* config.xml */ = {isa = PBXFileReference; fileEncoding = 4; lastKnownFileType = text.xml; path = config.xml; sourceTree = "<group>"; };
		7C801BA3121A8EF600BE995C /* RoomViewController.h */ = {isa = PBXFileReference; fileEncoding = 4; lastKnownFileType = sourcecode.c.h; path = RoomViewController.h; sourceTree = "<group>"; };
		7C801BA4121A8EF600BE995C /* RoomViewController.m */ = {isa = PBXFileReference; fileEncoding = 4; lastKnownFileType = sourcecode.c.objc; path = RoomViewController.m; sourceTree = "<group>"; };
		7C801BA5121A8EF600BE995C /* RoomViewController.xib */ = {isa = PBXFileReference; lastKnownFileType = file.xib; name = RoomViewController.xib; path = Classes/RoomViewController.xib; sourceTree = "<group>"; };
		8D1107310486CEB800E47090 /* Tarneeb-Info.plist */ = {isa = PBXFileReference; fileEncoding = 4; lastKnownFileType = text.plist.xml; path = "Tarneeb-Info.plist"; plistStructureDefinitionIdentifier = "com.apple.xcode.plist.structure-definition.iphone.info-plist"; sourceTree = "<group>"; };
/* End PBXFileReference section */

/* Begin PBXFrameworksBuildPhase section */
		1D60588F0D05DD3D006BFB54 /* Frameworks */ = {
			isa = PBXFrameworksBuildPhase;
			buildActionMask = 2147483647;
			files = (
				1D60589F0D05DD5A006BFB54 /* Foundation.framework in Frameworks */,
				1DF5F4E00D08C38300B7A737 /* UIKit.framework in Frameworks */,
				288765FD0DF74451002DB57D /* CoreGraphics.framework in Frameworks */,
				7C801A6212198D6D00BE995C /* CFNetwork.framework in Frameworks */,
			);
			runOnlyForDeploymentPostprocessing = 0;
		};
/* End PBXFrameworksBuildPhase section */

/* Begin PBXGroup section */
		080E96DDFE201D6D7F000001 /* Classes */ = {
			isa = PBXGroup;
			children = (
				7C8019F812198D3700BE995C /* SFS Header */,
				7C801A2012198D3700BE995C /* SFS Source */,
				7C801A71121990F600BE995C /* Tarneeb Views */,
				7C5754F912143B19007AEF4D /* Tarneeb Logic */,
			);
			path = Classes;
			sourceTree = "<group>";
		};
		19C28FACFE9D520D11CA2CBB /* Products */ = {
			isa = PBXGroup;
			children = (
				1D6058910D05DD3D006BFB54 /* Tarneeb.app */,
			);
			name = Products;
			sourceTree = "<group>";
		};
		29B97314FDCFA39411CA2CEA /* CustomTemplate */ = {
			isa = PBXGroup;
			children = (
				080E96DDFE201D6D7F000001 /* Classes */,
				29B97315FDCFA39411CA2CEA /* Other Sources */,
				29B97317FDCFA39411CA2CEA /* Resources */,
				29B97323FDCFA39411CA2CEA /* Frameworks */,
				19C28FACFE9D520D11CA2CBB /* Products */,
				7C801A6112198D6D00BE995C /* CFNetwork.framework */,
			);
			name = CustomTemplate;
			sourceTree = "<group>";
		};
		29B97315FDCFA39411CA2CEA /* Other Sources */ = {
			isa = PBXGroup;
			children = (
				32CA4F630368D1EE00C91783 /* Tarneeb_Prefix.pch */,
				29B97316FDCFA39411CA2CEA /* main.m */,
			);
			name = "Other Sources";
			sourceTree = "<group>";
		};
		29B97317FDCFA39411CA2CEA /* Resources */ = {
			isa = PBXGroup;
			children = (
				7C801AC01219966A00BE995C /* config.xml */,
				7C8019DF1218443D00BE995C /* High pics */,
				7C80196F1218442100BE995C /* Small pics */,
				7C5754DB121439EC007AEF4D /* DummyViewController.xib */,
				7C801BA5121A8EF600BE995C /* RoomViewController.xib */,
				7C801A6E121990D900BE995C /* LogInViewController.xib */,
				28AD733E0D9D9553002E5188 /* MainWindow.xib */,
				8D1107310486CEB800E47090 /* Tarneeb-Info.plist */,
			);
			name = Resources;
			sourceTree = "<group>";
		};
		29B97323FDCFA39411CA2CEA /* Frameworks */ = {
			isa = PBXGroup;
			children = (
				1DF5F4DF0D08C38300B7A737 /* UIKit.framework */,
				1D30AB110D05D00D00671497 /* Foundation.framework */,
				288765FC0DF74451002DB57D /* CoreGraphics.framework */,
			);
			name = Frameworks;
			sourceTree = "<group>";
		};
		7C5754F912143B19007AEF4D /* Tarneeb Logic */ = {
			isa = PBXGroup;
			children = (
				7C5754BC121173C6007AEF4D /* Card.h */,
				7C5754BD121173C6007AEF4D /* Card.m */,
				7C5754D31211B081007AEF4D /* Deck.h */,
				7C5754D41211B081007AEF4D /* Deck.m */,
				7C03FE6512143DE800D258BD /* Game.h */,
				7C03FE6612143DE800D258BD /* Game.m */,
			);
			name = "Tarneeb Logic";
			sourceTree = "<group>";
		};
		7C80196F1218442100BE995C /* Small pics */ = {
			isa = PBXGroup;
			children = (
				7C03000C12160A7F00D258BD /* 11-heart.png */,
				7C03000D12160A7F00D258BD /* 11-karo.png */,
				7C03000E12160A7F00D258BD /* 11-spade.png */,
				7C03000F12160A7F00D258BD /* 11-trefl.png */,
				7C03001012160A7F00D258BD /* 12-heart.png */,
				7C03001112160A7F00D258BD /* 12-karo.png */,
				7C03001212160A7F00D258BD /* 12-spade.png */,
				7C03001312160A7F00D258BD /* 12-trefl.png */,
				7C03001412160A7F00D258BD /* 13-heart.png */,
				7C03001512160A7F00D258BD /* 13-karo.png */,
				7C03001612160A7F00D258BD /* 13-spade.png */,
				7C03001712160A7F00D258BD /* 13-trefl.png */,
				7C03FF66121602F500D258BD /* 1-heart.png */,
				7C03FF67121602F500D258BD /* 1-karo.png */,
				7C03FF68121602F500D258BD /* 1-spade.png */,
				7C03FF69121602F500D258BD /* 1-trefl.png */,
				7C03FF6A121602F500D258BD /* 2-heart.png */,
				7C03FF6B121602F500D258BD /* 2-karo.png */,
				7C03FF6C121602F500D258BD /* 2-spade.png */,
				7C03FF6D121602F500D258BD /* 2-trefl.png */,
				7C03FF6E121602F500D258BD /* 3-heart.png */,
				7C03FF6F121602F500D258BD /* 3-karo.png */,
				7C03FF70121602F500D258BD /* 3-spade.png */,
				7C03FF71121602F500D258BD /* 3-trefl.png */,
				7C03FF72121602F500D258BD /* 4-heart.png */,
				7C03FF73121602F500D258BD /* 4-karo.png */,
				7C03FF74121602F500D258BD /* 4-spade.png */,
				7C03FF75121602F500D258BD /* 4-trefl.png */,
				7C03FF76121602F500D258BD /* 5-heart.png */,
				7C03FF77121602F500D258BD /* 5-karo.png */,
				7C03FF78121602F500D258BD /* 5-spade.png */,
				7C03FF79121602F500D258BD /* 5-trefl.png */,
				7C03FF7A121602F500D258BD /* 6-heart.png */,
				7C03FF7B121602F500D258BD /* 6-karo.png */,
				7C03FF7C121602F500D258BD /* 6-spade.png */,
				7C03FF7D121602F500D258BD /* 6-trefl.png */,
				7C03FF7E121602F500D258BD /* 7-heart.png */,
				7C03FF7F121602F500D258BD /* 7-karo.png */,
				7C03FF80121602F500D258BD /* 7-spade.png */,
				7C03FF81121602F500D258BD /* 7-trefl.png */,
				7C03FF82121602F500D258BD /* 8-heart.png */,
				7C03FF83121602F500D258BD /* 8-karo.png */,
				7C03FF84121602F500D258BD /* 8-spade.png */,
				7C03FF85121602F500D258BD /* 8-trefl.png */,
				7C03FF86121602F500D258BD /* 9-heart.png */,
				7C03FF87121602F500D258BD /* 9-karo.png */,
				7C03FF88121602F500D258BD /* 9-spade.png */,
				7C03FF89121602F500D258BD /* 9-trefl.png */,
				7C03FF8A121602F500D258BD /* 10-heart.png */,
				7C03FF8B121602F500D258BD /* 10-karo.png */,
				7C03FF8C121602F500D258BD /* 10-spade.png */,
				7C03FF8D121602F500D258BD /* 10-trefl.png */,
			);
			name = "Small pics";
			sourceTree = "<group>";
		};
		7C8019DF1218443D00BE995C /* High pics */ = {
			isa = PBXGroup;
			children = (
				7C8019771218443100BE995C /* 1-heart-high.png */,
				7C8019781218443100BE995C /* 1-karo-high.png */,
				7C8019791218443100BE995C /* 1-spade-high.png */,
				7C80197A1218443100BE995C /* 1-trefl-high.png */,
				7C80197B1218443100BE995C /* 2-heart-high.png */,
				7C80197C1218443100BE995C /* 2-karo-high.png */,
				7C80197D1218443100BE995C /* 2-spade-high.png */,
				7C80197E1218443100BE995C /* 2-trefl-high.png */,
				7C80197F1218443100BE995C /* 3-heart-high.png */,
				7C8019801218443100BE995C /* 3-karo-high.png */,
				7C8019811218443100BE995C /* 3-spade-high.png */,
				7C8019821218443100BE995C /* 3-trefl-high.png */,
				7C8019831218443100BE995C /* 4-heart-high.png */,
				7C8019841218443100BE995C /* 4-karo-high.png */,
				7C8019851218443100BE995C /* 4-spade-high.png */,
				7C8019861218443100BE995C /* 4-trefl-high.png */,
				7C8019871218443100BE995C /* 5-heart-high.png */,
				7C8019881218443100BE995C /* 5-karo-high.png */,
				7C8019891218443100BE995C /* 5-spade-high.png */,
				7C80198A1218443100BE995C /* 5-trefl-high.png */,
				7C80198B1218443100BE995C /* 6-heart-high.png */,
				7C80198C1218443100BE995C /* 6-karo-high.png */,
				7C80198D1218443100BE995C /* 6-spade-high.png */,
				7C80198E1218443100BE995C /* 6-trefl-high.png */,
				7C80198F1218443100BE995C /* 7-heart-high.png */,
				7C8019901218443100BE995C /* 7-karo-high.png */,
				7C8019911218443100BE995C /* 7-spade-high.png */,
				7C8019921218443100BE995C /* 7-trefl-high.png */,
				7C8019931218443100BE995C /* 8-heart-high.png */,
				7C8019941218443100BE995C /* 8-karo-high.png */,
				7C8019951218443100BE995C /* 8-spade-high.png */,
				7C8019961218443100BE995C /* 8-trefl-high.png */,
				7C8019971218443100BE995C /* 9-heart-high.png */,
				7C8019981218443100BE995C /* 9-karo-high.png */,
				7C8019991218443100BE995C /* 9-spade-high.png */,
				7C80199A1218443100BE995C /* 9-trefl-high.png */,
				7C80199B1218443100BE995C /* 10-heart-high.png */,
				7C80199C1218443100BE995C /* 10-karo-high.png */,
				7C80199D1218443100BE995C /* 10-spade-high.png */,
				7C80199E1218443100BE995C /* 10-trefl-high.png */,
				7C80199F1218443100BE995C /* 11-heart-high.png */,
				7C8019A01218443100BE995C /* 11-karo-high.png */,
				7C8019A11218443100BE995C /* 11-spade-high.png */,
				7C8019A21218443100BE995C /* 11-trefl-high.png */,
				7C8019A31218443100BE995C /* 12-heart-high.png */,
				7C8019A41218443100BE995C /* 12-karo-high.png */,
				7C8019A51218443100BE995C /* 12-spade-high.png */,
				7C8019A61218443100BE995C /* 12-trefl-high.png */,
				7C8019A71218443100BE995C /* 13-heart-high.png */,
				7C8019A81218443100BE995C /* 13-karo-high.png */,
				7C8019A91218443100BE995C /* 13-spade-high.png */,
				7C8019AA1218443100BE995C /* 13-trefl-high.png */,
			);
			name = "High pics";
			sourceTree = "<group>";
		};
		7C8019F812198D3700BE995C /* SFS Header */ = {
			isa = PBXGroup;
			children = (
				7C8019F912198D3700BE995C /* Data */,
				7C801A0012198D3700BE995C /* Handlers */,
				7C801A0612198D3700BE995C /* Http */,
				7C801A0812198D3700BE995C /* INFSmartFoxiPhoneClient.h */,
				7C801A0912198D3700BE995C /* JSON */,
				7C801A1112198D3700BE995C /* Mac */,
				7C801A1412198D3700BE995C /* TouchXML */,
				7C801A1C12198D3700BE995C /* Util */,
			);
			name = "SFS Header";
			path = ../Header;
			sourceTree = "<group>";
		};
		7C8019F912198D3700BE995C /* Data */ = {
			isa = PBXGroup;
			children = (
				7C8019FA12198D3700BE995C /* INFSmartFoxBuddy.h */,
				7C8019FB12198D3700BE995C /* INFSmartFoxRoom.h */,
				7C8019FC12198D3700BE995C /* INFSmartFoxRoomCreateParams.h */,
				7C8019FD12198D3700BE995C /* INFSmartFoxRoomVariable.h */,
				7C8019FE12198D3700BE995C /* INFSmartFoxUser.h */,
				7C8019FF12198D3700BE995C /* INFSmartFoxZone.h */,
			);
			path = Data;
			sourceTree = "<group>";
		};
		7C801A0012198D3700BE995C /* Handlers */ = {
			isa = PBXGroup;
			children = (
				7C801A0112198D3700BE995C /* INFSmartFoxExtHandler.h */,
				7C801A0212198D3700BE995C /* INFSmartFoxIMessageHandler.h */,
				7C801A0312198D3700BE995C /* INFSmartFoxISFSEvents.h */,
				7C801A0412198D3700BE995C /* INFSmartFoxSFSEvent.h */,
				7C801A0512198D3700BE995C /* INFSmartFoxSysHandler.h */,
			);
			path = Handlers;
			sourceTree = "<group>";
		};
		7C801A0612198D3700BE995C /* Http */ = {
			isa = PBXGroup;
			children = (
				7C801A0712198D3700BE995C /* SFSHttpConnection.h */,
			);
			path = Http;
			sourceTree = "<group>";
		};
		7C801A0912198D3700BE995C /* JSON */ = {
			isa = PBXGroup;
			children = (
				7C801A0A12198D3700BE995C /* JSON.h */,
				7C801A0B12198D3700BE995C /* NSObject+SBJSON.h */,
				7C801A0C12198D3700BE995C /* NSString+SBJSON.h */,
				7C801A0D12198D3700BE995C /* SBJSON.h */,
				7C801A0E12198D3700BE995C /* SBJsonBase.h */,
				7C801A0F12198D3700BE995C /* SBJsonParser.h */,
				7C801A1012198D3700BE995C /* SBJsonWriter.h */,
			);
			path = JSON;
			sourceTree = "<group>";
		};
		7C801A1112198D3700BE995C /* Mac */ = {
			isa = PBXGroup;
			children = (
				7C801A1212198D3700BE995C /* NSObjectAddition.h */,
				7C801A1312198D3700BE995C /* NSStreamAddition.h */,
			);
			path = Mac;
			sourceTree = "<group>";
		};
		7C801A1412198D3700BE995C /* TouchXML */ = {
			isa = PBXGroup;
			children = (
				7C801A1512198D3700BE995C /* CXMLDocument.h */,
				7C801A1612198D3700BE995C /* CXMLDocument_PrivateExtensions.h */,
				7C801A1712198D3700BE995C /* CXMLElement.h */,
				7C801A1812198D3700BE995C /* CXMLNode.h */,
				7C801A1912198D3700BE995C /* CXMLNode_PrivateExtensions.h */,
				7C801A1A12198D3700BE995C /* CXMLNode_XPathExtensions.h */,
				7C801A1B12198D3700BE995C /* TouchXML.h */,
			);
			path = TouchXML;
			sourceTree = "<group>";
		};
		7C801A1C12198D3700BE995C /* Util */ = {
			isa = PBXGroup;
			children = (
				7C801A1D12198D3700BE995C /* INFSendBuffer.h */,
				7C801A1E12198D3700BE995C /* INFSmartFoxEntities.h */,
				7C801A1F12198D3700BE995C /* INFSmartFoxObjectSerializer.h */,
			);
			path = Util;
			sourceTree = "<group>";
		};
		7C801A2012198D3700BE995C /* SFS Source */ = {
			isa = PBXGroup;
			children = (
				7C801A2112198D3700BE995C /* Data */,
				7C801A2812198D3700BE995C /* Handlers */,
				7C801A2C12198D3700BE995C /* Http */,
				7C801A2E12198D3700BE995C /* INFSmartFoxiPhoneClient.m */,
				7C801A2F12198D3700BE995C /* JSON */,
				7C801A3612198D3700BE995C /* Mac */,
				7C801A3912198D3700BE995C /* TouchXML */,
				7C801A4012198D3700BE995C /* Util */,
			);
			name = "SFS Source";
			path = ../Source;
			sourceTree = "<group>";
		};
		7C801A2112198D3700BE995C /* Data */ = {
			isa = PBXGroup;
			children = (
				7C801A2212198D3700BE995C /* INFSmartFoxBuddy.m */,
				7C801A2312198D3700BE995C /* INFSmartFoxRoom.m */,
				7C801A2412198D3700BE995C /* INFSmartFoxRoomCreateParams.m */,
				7C801A2512198D3700BE995C /* INFSmartFoxRoomVariable.m */,
				7C801A2612198D3700BE995C /* INFSmartFoxUser.m */,
				7C801A2712198D3700BE995C /* INFSmartFoxZone.m */,
			);
			path = Data;
			sourceTree = "<group>";
		};
		7C801A2812198D3700BE995C /* Handlers */ = {
			isa = PBXGroup;
			children = (
				7C801A2912198D3700BE995C /* INFSmartFoxExtHandler.m */,
				7C801A2A12198D3700BE995C /* INFSmartFoxSFSEvent.m */,
				7C801A2B12198D3700BE995C /* INFSmartFoxSysHandler.m */,
			);
			path = Handlers;
			sourceTree = "<group>";
		};
		7C801A2C12198D3700BE995C /* Http */ = {
			isa = PBXGroup;
			children = (
				7C801A2D12198D3700BE995C /* SFSHttpConnection.m */,
			);
			path = Http;
			sourceTree = "<group>";
		};
		7C801A2F12198D3700BE995C /* JSON */ = {
			isa = PBXGroup;
			children = (
				7C801A3012198D3700BE995C /* NSObject+SBJSON.m */,
				7C801A3112198D3700BE995C /* NSString+SBJSON.m */,
				7C801A3212198D3700BE995C /* SBJSON.m */,
				7C801A3312198D3700BE995C /* SBJsonBase.m */,
				7C801A3412198D3700BE995C /* SBJsonParser.m */,
				7C801A3512198D3700BE995C /* SBJsonWriter.m */,
			);
			path = JSON;
			sourceTree = "<group>";
		};
		7C801A3612198D3700BE995C /* Mac */ = {
			isa = PBXGroup;
			children = (
				7C801A3712198D3700BE995C /* NSObjectAddition.m */,
				7C801A3812198D3700BE995C /* NStreamAddition.m */,
			);
			path = Mac;
			sourceTree = "<group>";
		};
		7C801A3912198D3700BE995C /* TouchXML */ = {
			isa = PBXGroup;
			children = (
				7C801A3A12198D3700BE995C /* CXMLDocument.m */,
				7C801A3B12198D3700BE995C /* CXMLDocument_PrivateExtensions.m */,
				7C801A3C12198D3700BE995C /* CXMLElement.m */,
				7C801A3D12198D3700BE995C /* CXMLNode.m */,
				7C801A3E12198D3700BE995C /* CXMLNode_PrivateExtensions.m */,
				7C801A3F12198D3700BE995C /* CXMLNode_XPathExtensions.m */,
			);
			path = TouchXML;
			sourceTree = "<group>";
		};
		7C801A4012198D3700BE995C /* Util */ = {
			isa = PBXGroup;
			children = (
				7C801A4112198D3700BE995C /* INFSendBuffer.m */,
				7C801A4212198D3700BE995C /* INFSmartFoxEntities.m */,
				7C801A4312198D3700BE995C /* INFSmartFoxObjectSerializer.m */,
			);
			path = Util;
			sourceTree = "<group>";
		};
		7C801A71121990F600BE995C /* Tarneeb Views */ = {
			isa = PBXGroup;
			children = (
				7C801A6C121990D900BE995C /* LogInViewController.h */,
				7C801A6D121990D900BE995C /* LogInViewController.m */,
				1D3623240D0F684500981E51 /* TarneebAppDelegate.h */,
				1D3623250D0F684500981E51 /* TarneebAppDelegate.m */,
				7C5754D9121439EC007AEF4D /* DummyViewController.h */,
				7C5754DA121439EC007AEF4D /* DummyViewController.m */,
				7C801BA3121A8EF600BE995C /* RoomViewController.h */,
				7C801BA4121A8EF600BE995C /* RoomViewController.m */,
			);
			name = "Tarneeb Views";
			sourceTree = "<group>";
		};
/* End PBXGroup section */

/* Begin PBXNativeTarget section */
		1D6058900D05DD3D006BFB54 /* Tarneeb */ = {
			isa = PBXNativeTarget;
			buildConfigurationList = 1D6058960D05DD3E006BFB54 /* Build configuration list for PBXNativeTarget "Tarneeb" */;
			buildPhases = (
				1D60588D0D05DD3D006BFB54 /* Resources */,
				1D60588E0D05DD3D006BFB54 /* Sources */,
				1D60588F0D05DD3D006BFB54 /* Frameworks */,
			);
			buildRules = (
			);
			dependencies = (
			);
			name = Tarneeb;
			productName = Tarneeb;
			productReference = 1D6058910D05DD3D006BFB54 /* Tarneeb.app */;
			productType = "com.apple.product-type.application";
		};
/* End PBXNativeTarget section */

/* Begin PBXProject section */
		29B97313FDCFA39411CA2CEA /* Project object */ = {
			isa = PBXProject;
			buildConfigurationList = C01FCF4E08A954540054247B /* Build configuration list for PBXProject "Tarneeb" */;
			compatibilityVersion = "Xcode 3.1";
			hasScannedForEncodings = 1;
			mainGroup = 29B97314FDCFA39411CA2CEA /* CustomTemplate */;
			projectDirPath = "";
			projectRoot = "";
			targets = (
				1D6058900D05DD3D006BFB54 /* Tarneeb */,
			);
		};
/* End PBXProject section */

/* Begin PBXResourcesBuildPhase section */
		1D60588D0D05DD3D006BFB54 /* Resources */ = {
			isa = PBXResourcesBuildPhase;
			buildActionMask = 2147483647;
			files = (
				28AD733F0D9D9553002E5188 /* MainWindow.xib in Resources */,
				7C5754DD121439EC007AEF4D /* DummyViewController.xib in Resources */,
				7C03FF9A121602F500D258BD /* 1-heart.png in Resources */,
				7C03FF9B121602F500D258BD /* 1-karo.png in Resources */,
				7C03FF9C121602F500D258BD /* 1-spade.png in Resources */,
				7C03FF9D121602F500D258BD /* 1-trefl.png in Resources */,
				7C03FF9E121602F500D258BD /* 2-heart.png in Resources */,
				7C03FF9F121602F500D258BD /* 2-karo.png in Resources */,
				7C03FFA0121602F500D258BD /* 2-spade.png in Resources */,
				7C03FFA1121602F500D258BD /* 2-trefl.png in Resources */,
				7C03FFA2121602F500D258BD /* 3-heart.png in Resources */,
				7C03FFA3121602F500D258BD /* 3-karo.png in Resources */,
				7C03FFA4121602F500D258BD /* 3-spade.png in Resources */,
				7C03FFA5121602F500D258BD /* 3-trefl.png in Resources */,
				7C03FFA6121602F500D258BD /* 4-heart.png in Resources */,
				7C03FFA7121602F500D258BD /* 4-karo.png in Resources */,
				7C03FFA8121602F500D258BD /* 4-spade.png in Resources */,
				7C03FFA9121602F500D258BD /* 4-trefl.png in Resources */,
				7C03FFAA121602F500D258BD /* 5-heart.png in Resources */,
				7C03FFAB121602F500D258BD /* 5-karo.png in Resources */,
				7C03FFAC121602F500D258BD /* 5-spade.png in Resources */,
				7C03FFAD121602F500D258BD /* 5-trefl.png in Resources */,
				7C03FFAE121602F500D258BD /* 6-heart.png in Resources */,
				7C03FFAF121602F500D258BD /* 6-karo.png in Resources */,
				7C03FFB0121602F500D258BD /* 6-spade.png in Resources */,
				7C03FFB1121602F500D258BD /* 6-trefl.png in Resources */,
				7C03FFB2121602F500D258BD /* 7-heart.png in Resources */,
				7C03FFB3121602F500D258BD /* 7-karo.png in Resources */,
				7C03FFB4121602F500D258BD /* 7-spade.png in Resources */,
				7C03FFB5121602F500D258BD /* 7-trefl.png in Resources */,
				7C03FFB6121602F500D258BD /* 8-heart.png in Resources */,
				7C03FFB7121602F500D258BD /* 8-karo.png in Resources */,
				7C03FFB8121602F500D258BD /* 8-spade.png in Resources */,
				7C03FFB9121602F500D258BD /* 8-trefl.png in Resources */,
				7C03FFBA121602F500D258BD /* 9-heart.png in Resources */,
				7C03FFBB121602F500D258BD /* 9-karo.png in Resources */,
				7C03FFBC121602F500D258BD /* 9-spade.png in Resources */,
				7C03FFBD121602F500D258BD /* 9-trefl.png in Resources */,
				7C03FFBE121602F500D258BD /* 10-heart.png in Resources */,
				7C03FFBF121602F500D258BD /* 10-karo.png in Resources */,
				7C03FFC0121602F500D258BD /* 10-spade.png in Resources */,
				7C03FFC1121602F500D258BD /* 10-trefl.png in Resources */,
				7C03001812160A7F00D258BD /* 11-heart.png in Resources */,
				7C03001912160A7F00D258BD /* 11-karo.png in Resources */,
				7C03001A12160A7F00D258BD /* 11-spade.png in Resources */,
				7C03001B12160A7F00D258BD /* 11-trefl.png in Resources */,
				7C03001C12160A7F00D258BD /* 12-heart.png in Resources */,
				7C03001D12160A7F00D258BD /* 12-karo.png in Resources */,
				7C03001E12160A7F00D258BD /* 12-spade.png in Resources */,
				7C03001F12160A7F00D258BD /* 12-trefl.png in Resources */,
				7C03002012160A7F00D258BD /* 13-heart.png in Resources */,
				7C03002112160A7F00D258BD /* 13-karo.png in Resources */,
				7C03002212160A7F00D258BD /* 13-spade.png in Resources */,
				7C03002312160A7F00D258BD /* 13-trefl.png in Resources */,
				7C8019AB1218443100BE995C /* 1-heart-high.png in Resources */,
				7C8019AC1218443100BE995C /* 1-karo-high.png in Resources */,
				7C8019AD1218443100BE995C /* 1-spade-high.png in Resources */,
				7C8019AE1218443100BE995C /* 1-trefl-high.png in Resources */,
				7C8019AF1218443100BE995C /* 2-heart-high.png in Resources */,
				7C8019B01218443100BE995C /* 2-karo-high.png in Resources */,
				7C8019B11218443100BE995C /* 2-spade-high.png in Resources */,
				7C8019B21218443100BE995C /* 2-trefl-high.png in Resources */,
				7C8019B31218443100BE995C /* 3-heart-high.png in Resources */,
				7C8019B41218443100BE995C /* 3-karo-high.png in Resources */,
				7C8019B51218443100BE995C /* 3-spade-high.png in Resources */,
				7C8019B61218443100BE995C /* 3-trefl-high.png in Resources */,
				7C8019B71218443100BE995C /* 4-heart-high.png in Resources */,
				7C8019B81218443100BE995C /* 4-karo-high.png in Resources */,
				7C8019B91218443100BE995C /* 4-spade-high.png in Resources */,
				7C8019BA1218443100BE995C /* 4-trefl-high.png in Resources */,
				7C8019BB1218443100BE995C /* 5-heart-high.png in Resources */,
				7C8019BC1218443100BE995C /* 5-karo-high.png in Resources */,
				7C8019BD1218443100BE995C /* 5-spade-high.png in Resources */,
				7C8019BE1218443100BE995C /* 5-trefl-high.png in Resources */,
				7C8019BF1218443100BE995C /* 6-heart-high.png in Resources */,
				7C8019C01218443100BE995C /* 6-karo-high.png in Resources */,
				7C8019C11218443100BE995C /* 6-spade-high.png in Resources */,
				7C8019C21218443100BE995C /* 6-trefl-high.png in Resources */,
				7C8019C31218443100BE995C /* 7-heart-high.png in Resources */,
				7C8019C41218443100BE995C /* 7-karo-high.png in Resources */,
				7C8019C51218443100BE995C /* 7-spade-high.png in Resources */,
				7C8019C61218443100BE995C /* 7-trefl-high.png in Resources */,
				7C8019C71218443100BE995C /* 8-heart-high.png in Resources */,
				7C8019C81218443100BE995C /* 8-karo-high.png in Resources */,
				7C8019C91218443100BE995C /* 8-spade-high.png in Resources */,
				7C8019CA1218443100BE995C /* 8-trefl-high.png in Resources */,
				7C8019CB1218443100BE995C /* 9-heart-high.png in Resources */,
				7C8019CC1218443100BE995C /* 9-karo-high.png in Resources */,
				7C8019CD1218443100BE995C /* 9-spade-high.png in Resources */,
				7C8019CE1218443100BE995C /* 9-trefl-high.png in Resources */,
				7C8019CF1218443100BE995C /* 10-heart-high.png in Resources */,
				7C8019D01218443100BE995C /* 10-karo-high.png in Resources */,
				7C8019D11218443100BE995C /* 10-spade-high.png in Resources */,
				7C8019D21218443100BE995C /* 10-trefl-high.png in Resources */,
				7C8019D31218443100BE995C /* 11-heart-high.png in Resources */,
				7C8019D41218443100BE995C /* 11-karo-high.png in Resources */,
				7C8019D51218443100BE995C /* 11-spade-high.png in Resources */,
				7C8019D61218443100BE995C /* 11-trefl-high.png in Resources */,
				7C8019D71218443100BE995C /* 12-heart-high.png in Resources */,
				7C8019D81218443100BE995C /* 12-karo-high.png in Resources */,
				7C8019D91218443100BE995C /* 12-spade-high.png in Resources */,
				7C8019DA1218443100BE995C /* 12-trefl-high.png in Resources */,
				7C8019DB1218443100BE995C /* 13-heart-high.png in Resources */,
				7C8019DC1218443100BE995C /* 13-karo-high.png in Resources */,
				7C8019DD1218443100BE995C /* 13-spade-high.png in Resources */,
				7C8019DE1218443100BE995C /* 13-trefl-high.png in Resources */,
				7C801A70121990D900BE995C /* LogInViewController.xib in Resources */,
				7C801AC11219966A00BE995C /* config.xml in Resources */,
				7C801BA7121A8EF600BE995C /* RoomViewController.xib in Resources */,
			);
			runOnlyForDeploymentPostprocessing = 0;
		};
/* End PBXResourcesBuildPhase section */

/* Begin PBXSourcesBuildPhase section */
		1D60588E0D05DD3D006BFB54 /* Sources */ = {
			isa = PBXSourcesBuildPhase;
			buildActionMask = 2147483647;
			files = (
				1D60589B0D05DD56006BFB54 /* main.m in Sources */,
				1D3623260D0F684500981E51 /* TarneebAppDelegate.m in Sources */,
				7C5754BE121173C6007AEF4D /* Card.m in Sources */,
				7C5754D51211B081007AEF4D /* Deck.m in Sources */,
				7C5754DC121439EC007AEF4D /* DummyViewController.m in Sources */,
				7C03FE6712143DE800D258BD /* Game.m in Sources */,
				7C801A4412198D3700BE995C /* INFSmartFoxBuddy.m in Sources */,
				7C801A4512198D3700BE995C /* INFSmartFoxRoom.m in Sources */,
				7C801A4612198D3700BE995C /* INFSmartFoxRoomCreateParams.m in Sources */,
				7C801A4712198D3700BE995C /* INFSmartFoxRoomVariable.m in Sources */,
				7C801A4812198D3700BE995C /* INFSmartFoxUser.m in Sources */,
				7C801A4912198D3700BE995C /* INFSmartFoxZone.m in Sources */,
				7C801A4A12198D3700BE995C /* INFSmartFoxExtHandler.m in Sources */,
				7C801A4B12198D3700BE995C /* INFSmartFoxSFSEvent.m in Sources */,
				7C801A4C12198D3700BE995C /* INFSmartFoxSysHandler.m in Sources */,
				7C801A4D12198D3700BE995C /* SFSHttpConnection.m in Sources */,
				7C801A4E12198D3700BE995C /* INFSmartFoxiPhoneClient.m in Sources */,
				7C801A4F12198D3700BE995C /* NSObject+SBJSON.m in Sources */,
				7C801A5012198D3700BE995C /* NSString+SBJSON.m in Sources */,
				7C801A5112198D3700BE995C /* SBJSON.m in Sources */,
				7C801A5212198D3700BE995C /* SBJsonBase.m in Sources */,
				7C801A5312198D3700BE995C /* SBJsonParser.m in Sources */,
				7C801A5412198D3700BE995C /* SBJsonWriter.m in Sources */,
				7C801A5512198D3700BE995C /* NSObjectAddition.m in Sources */,
				7C801A5612198D3700BE995C /* NStreamAddition.m in Sources */,
				7C801A5712198D3700BE995C /* CXMLDocument.m in Sources */,
				7C801A5812198D3700BE995C /* CXMLDocument_PrivateExtensions.m in Sources */,
				7C801A5912198D3700BE995C /* CXMLElement.m in Sources */,
				7C801A5A12198D3700BE995C /* CXMLNode.m in Sources */,
				7C801A5B12198D3700BE995C /* CXMLNode_PrivateExtensions.m in Sources */,
				7C801A5C12198D3700BE995C /* CXMLNode_XPathExtensions.m in Sources */,
				7C801A5D12198D3700BE995C /* INFSendBuffer.m in Sources */,
				7C801A5E12198D3700BE995C /* INFSmartFoxEntities.m in Sources */,
				7C801A5F12198D3700BE995C /* INFSmartFoxObjectSerializer.m in Sources */,
				7C801A6F121990D900BE995C /* LogInViewController.m in Sources */,
				7C801BA6121A8EF600BE995C /* RoomViewController.m in Sources */,
			);
			runOnlyForDeploymentPostprocessing = 0;
		};
/* End PBXSourcesBuildPhase section */

/* Begin XCBuildConfiguration section */
		1D6058940D05DD3E006BFB54 /* Debug */ = {
			isa = XCBuildConfiguration;
			buildSettings = {
				ALWAYS_SEARCH_USER_PATHS = NO;
				COPY_PHASE_STRIP = NO;
				GCC_DYNAMIC_NO_PIC = NO;
				GCC_OPTIMIZATION_LEVEL = 0;
				GCC_PRECOMPILE_PREFIX_HEADER = YES;
				GCC_PREFIX_HEADER = Tarneeb_Prefix.pch;
				INFOPLIST_FILE = "Tarneeb-Info.plist";
				PRODUCT_NAME = Tarneeb;
			};
			name = Debug;
		};
		1D6058950D05DD3E006BFB54 /* Release */ = {
			isa = XCBuildConfiguration;
			buildSettings = {
				ALWAYS_SEARCH_USER_PATHS = NO;
				COPY_PHASE_STRIP = YES;
				GCC_PRECOMPILE_PREFIX_HEADER = YES;
				GCC_PREFIX_HEADER = Tarneeb_Prefix.pch;
				INFOPLIST_FILE = "Tarneeb-Info.plist";
				PRODUCT_NAME = Tarneeb;
				VALIDATE_PRODUCT = YES;
			};
			name = Release;
		};
		C01FCF4F08A954540054247B /* Debug */ = {
			isa = XCBuildConfiguration;
			buildSettings = {
				ARCHS = "$(ARCHS_STANDARD_32_BIT)";
				"CODE_SIGN_IDENTITY[sdk=iphoneos*]" = "iPhone Developer";
				FRAMEWORK_SEARCH_PATHS = "/Developer/Platforms/iPhoneOS.platform/Developer/SDKs/iPhoneOS3.0.sdk/usr/include/**";
				GCC_C_LANGUAGE_STANDARD = c99;
				GCC_WARN_ABOUT_RETURN_TYPE = YES;
				GCC_WARN_UNUSED_VARIABLE = YES;
				HEADER_SEARCH_PATHS = /Developer/Platforms/iPhoneOS.platform/Developer/SDKs/iPhoneOS3.0.sdk/usr/include/libxml2/;
				OTHER_LDFLAGS = (
					"-lxml2",
					"-ObjC",
				);
				PREBINDING = NO;
				SDKROOT = iphoneos3.1.3;
			};
			name = Debug;
		};
		C01FCF5008A954540054247B /* Release */ = {
			isa = XCBuildConfiguration;
			buildSettings = {
				ARCHS = "$(ARCHS_STANDARD_32_BIT)";
				"CODE_SIGN_IDENTITY[sdk=iphoneos*]" = "iPhone Developer";
				FRAMEWORK_SEARCH_PATHS = "/Developer/Platforms/iPhoneOS.platform/Developer/SDKs/iPhoneOS3.0.sdk/usr/include/**";
				GCC_C_LANGUAGE_STANDARD = c99;
				GCC_WARN_ABOUT_RETURN_TYPE = YES;
				GCC_WARN_UNUSED_VARIABLE = YES;
				HEADER_SEARCH_PATHS = /Developer/Platforms/iPhoneOS.platform/Developer/SDKs/iPhoneOS3.0.sdk/usr/include/libxml2/;
				OTHER_CFLAGS = "-DNS_BLOCK_ASSERTIONS=1";
				OTHER_LDFLAGS = (
					"-lxml2",
					"-ObjC",
				);
				PREBINDING = NO;
				SDKROOT = iphoneos3.1.3;
			};
			name = Release;
		};
/* End XCBuildConfiguration section */

/* Begin XCConfigurationList section */
		1D6058960D05DD3E006BFB54 /* Build configuration list for PBXNativeTarget "Tarneeb" */ = {
			isa = XCConfigurationList;
			buildConfigurations = (
				1D6058940D05DD3E006BFB54 /* Debug */,
				1D6058950D05DD3E006BFB54 /* Release */,
			);
			defaultConfigurationIsVisible = 0;
			defaultConfigurationName = Release;
		};
		C01FCF4E08A954540054247B /* Build configuration list for PBXProject "Tarneeb" */ = {
			isa = XCConfigurationList;
			buildConfigurations = (
				C01FCF4F08A954540054247B /* Debug */,
				C01FCF5008A954540054247B /* Release */,
			);
			defaultConfigurationIsVisible = 0;
			defaultConfigurationName = Release;
		};
/* End XCConfigurationList section */
	};
	rootObject = 29B97313FDCFA39411CA2CEA /* Project object */;
}
